PODS:
  - Cleanse (4.2.4)
  - NexdClient (1.0):
    - RxSwift (~> 5.0.0)
  - NVActivityIndicatorView (4.8.0):
    - NVActivityIndicatorView/Presenter (= 4.8.0)
  - NVActivityIndicatorView/Presenter (4.8.0)
  - ObjcExceptionBridging (1.0.1):
    - ObjcExceptionBridging/ObjcExceptionBridging (= 1.0.1)
  - ObjcExceptionBridging/ObjcExceptionBridging (1.0.1)
  - R.swift (5.1.0):
    - R.swift.Library (~> 5.1.0)
  - R.swift.Library (5.1.0)
  - RxCocoa (5.1.0):
    - RxRelay (~> 5)
    - RxSwift (~> 5)
  - RxRelay (5.1.0):
    - RxSwift (~> 5)
  - RxSwift (5.0.1)
  - SnapKit (4.2.0)
  - SwiftLint (0.39.1)
  - Validator (3.2.1)
  - XCGLogger (7.0.1):
    - XCGLogger/Core (= 7.0.1)
  - XCGLogger/Core (7.0.1):
    - ObjcExceptionBridging

DEPENDENCIES:
  - Cleanse
  - NexdClient (from `lib/openapi`)
  - NVActivityIndicatorView
  - R.swift
  - RxCocoa
  - RxSwift
  - SnapKit
  - SwiftLint
  - Validator
  - XCGLogger

SPEC REPOS:
  trunk:
    - Cleanse
    - NVActivityIndicatorView
    - ObjcExceptionBridging
    - R.swift
    - R.swift.Library
    - RxCocoa
    - RxRelay
    - RxSwift
    - SnapKit
    - SwiftLint
    - Validator
    - XCGLogger

EXTERNAL SOURCES:
  NexdClient:
    :path: lib/openapi

SPEC CHECKSUMS:
  Cleanse: 65b6c276880f23a324aca9ba8da6a55bede7ad80
  NexdClient: 9e4020b4159f4e3458837dbcb183b727f86b4337
  NVActivityIndicatorView: d24b7ebcf80af5dcd994adb650e2b6c93379270f
  ObjcExceptionBridging: c30e00eb3700467e695faeea30e26e18bd445001
  R.swift: 8cbc4fc69b740305b6a17c8a8ed968eb788962d9
  R.swift.Library: fa85ce1e0d0b7e818cd9e080df910ba54d2776cc
  RxCocoa: 13d2a4d7546a34b8ececae8c281e4ea1dbb94f2b
  RxRelay: a168bd6caf712d00c676ac344e9295afc93b418e
  RxSwift: e2dc62b366a3adf6a0be44ba9f405efd4c94e0c4
  SnapKit: fe8a619752f3f27075cc9a90244d75c6c3f27e2a
  SwiftLint: 55e96a4a4d537d4a3156859fc1c54bd24851a046
  Validator: 80a6f567220c962dfd2d9928ae98a8c1d164f6f4
  XCGLogger: 1943831ef907df55108b0b18657953f868de973b

PODFILE CHECKSUM: 30075dd1cfcdb6af725e5096189fe8e7907f73e7

COCOAPODS: 1.9.1
