PODS:
  - Cleanse (4.2.5)
  - NexdClient (1.0):
    - RxSwift (~> 5.0.0)
  - NVActivityIndicatorView (4.8.0):
    - NVActivityIndicatorView/Presenter (= 4.8.0)
  - NVActivityIndicatorView/Presenter (4.8.0)
  - ObjcExceptionBridging (1.0.1):
    - ObjcExceptionBridging/ObjcExceptionBridging (= 1.0.1)
  - ObjcExceptionBridging/ObjcExceptionBridging (1.0.1)
  - PhoneNumberKit (3.2.0):
    - PhoneNumberKit/PhoneNumberKitCore (= 3.2.0)
    - PhoneNumberKit/UIKit (= 3.2.0)
  - PhoneNumberKit/PhoneNumberKitCore (3.2.0)
  - PhoneNumberKit/UIKit (3.2.0):
    - PhoneNumberKit/PhoneNumberKitCore
  - R.swift (5.2.2):
    - R.swift.Library (~> 5.2.0)
  - R.swift.Library (5.2.0)
  - RxCombine (1.6.0):
    - RxRelay (~> 5)
    - RxSwift (~> 5)
  - RxRelay (5.1.1):
    - RxSwift (~> 5)
  - RxSwift (5.0.1)
  - Swifter (1.4.7)
  - SwiftLint (0.39.2)
  - Validator (3.2.1)
  - XCGLogger (7.0.1):
    - XCGLogger/Core (= 7.0.1)
  - XCGLogger/Core (7.0.1):
    - ObjcExceptionBridging

DEPENDENCIES:
  - Cleanse
  - NexdClient (from `lib/openapi`)
  - NVActivityIndicatorView
  - PhoneNumberKit
  - R.swift
  - RxCombine
  - RxSwift
  - Swifter
  - SwiftLint
  - Validator
  - XCGLogger

SPEC REPOS:
  trunk:
    - Cleanse
    - NVActivityIndicatorView
    - ObjcExceptionBridging
    - PhoneNumberKit
    - R.swift
    - R.swift.Library
    - RxCombine
    - RxRelay
    - RxSwift
    - Swifter
    - SwiftLint
    - Validator
    - XCGLogger

EXTERNAL SOURCES:
  NexdClient:
    :path: lib/openapi

SPEC CHECKSUMS:
  Cleanse: ae3cbed67721dadb5336b42ddb7ee1d1007e0e40
  NexdClient: 9e4020b4159f4e3458837dbcb183b727f86b4337
  NVActivityIndicatorView: d24b7ebcf80af5dcd994adb650e2b6c93379270f
  ObjcExceptionBridging: c30e00eb3700467e695faeea30e26e18bd445001
  PhoneNumberKit: df411d46177d1492da84e10b6c093846dd861452
  R.swift: 7c52cdc57a66840ffe6cbd8a823d732059d42a32
  R.swift.Library: 5ba4f1631300caf9a4d890186930da85d540769d
  RxCombine: 81552341b3239e99d5ffea4e48bf11b3f9b638c3
  RxRelay: d77f7d771495f43c556cbc43eebd1bb54d01e8e9
  RxSwift: e2dc62b366a3adf6a0be44ba9f405efd4c94e0c4
  Swifter: 2327ef5d872c638aebab79646ce494af508b0c8f
  SwiftLint: 22ccbbe3b8008684be5955693bab135e0ed6a447
  Validator: 80a6f567220c962dfd2d9928ae98a8c1d164f6f4
  XCGLogger: 1943831ef907df55108b0b18657953f868de973b

PODFILE CHECKSUM: f8c6f9a1c3009aa7a67fcb21193beebf083e9e69

COCOAPODS: 1.9.3
