// !$*UTF8*$!
{
	archiveVersion = 1;
	classes = {
	};
	objectVersion = 51;
	objects = {

/* Begin PBXBuildFile section */
		AE1359102444A2410015D7AB /* NexdUI.swift in Sources */ = {isa = PBXBuildFile; fileRef = AE13590F2444A2410015D7AB /* NexdUI.swift */; };
		AE1359122444E5460015D7AB /* HTTPStatusCode.swift in Sources */ = {isa = PBXBuildFile; fileRef = AE1359112444E5460015D7AB /* HTTPStatusCode.swift */; };
		AE1359182444E98E0015D7AB /* Single+Nexd.swift in Sources */ = {isa = PBXBuildFile; fileRef = AE1359172444E98E0015D7AB /* Single+Nexd.swift */; };
		AE13591A2444EBBC0015D7AB /* ErrorResponse+Nexd.swift in Sources */ = {isa = PBXBuildFile; fileRef = AE1359192444EBBC0015D7AB /* ErrorResponse+Nexd.swift */; };
		AE15C14324575AD4006AEFCB /* HelperRequestFilterSettingsView.swift in Sources */ = {isa = PBXBuildFile; fileRef = AE15C14224575AD4006AEFCB /* HelperRequestFilterSettingsView.swift */; };
		AE1E0105243148E90006A490 /* KeyboardObserver.swift in Sources */ = {isa = PBXBuildFile; fileRef = AE1E0104243148E90006A490 /* KeyboardObserver.swift */; };
		AE26902224278BFC009A8892 /* UserService.swift in Sources */ = {isa = PBXBuildFile; fileRef = AE26902124278BFC009A8892 /* UserService.swift */; };
		AE2690242427A61D009A8892 /* HelpListsService.swift in Sources */ = {isa = PBXBuildFile; fileRef = AE2690232427A61D009A8892 /* HelpListsService.swift */; };
		AE2690262427B3BA009A8892 /* UILabel+Nexd.swift in Sources */ = {isa = PBXBuildFile; fileRef = AE2690252427B3BA009A8892 /* UILabel+Nexd.swift */; };
		AE2690282427BC46009A8892 /* ShoppingListViewController.swift in Sources */ = {isa = PBXBuildFile; fileRef = AE2690272427BC46009A8892 /* ShoppingListViewController.swift */; };
		AE26902A2427E985009A8892 /* CheckoutViewController.swift in Sources */ = {isa = PBXBuildFile; fileRef = AE2690292427E984009A8892 /* CheckoutViewController.swift */; };
		AE2A9A872426D1D5006066B4 /* UIButton+Nexd.swift in Sources */ = {isa = PBXBuildFile; fileRef = AE2A9A862426D1D5006066B4 /* UIButton+Nexd.swift */; };
		AE2A9A8B2426DF09006066B4 /* HelpRequestsService.swift in Sources */ = {isa = PBXBuildFile; fileRef = AE2A9A8A2426DF09006066B4 /* HelpRequestsService.swift */; };
		AE2A9A912426FA50006066B4 /* Localizable.strings in Resources */ = {isa = PBXBuildFile; fileRef = AE2A9A932426FA50006066B4 /* Localizable.strings */; };
		AE2A9A9624275E14006066B4 /* UITextField+Nexd.swift in Sources */ = {isa = PBXBuildFile; fileRef = AE2A9A9524275E14006066B4 /* UITextField+Nexd.swift */; };
		AE2A9A9A24278989006066B4 /* UserDetailsViewController.swift in Sources */ = {isa = PBXBuildFile; fileRef = AE2A9A9924278989006066B4 /* UserDetailsViewController.swift */; };
		AE2AF7842457622F00A1331F /* FilterButton.swift in Sources */ = {isa = PBXBuildFile; fileRef = AE2AF7832457622F00A1331F /* FilterButton.swift */; };
		AE4EA655243A665900B8E9D6 /* PhoneService.swift in Sources */ = {isa = PBXBuildFile; fileRef = AE4EA654243A665900B8E9D6 /* PhoneService.swift */; };
		AE50F0682448C2CB00601DDF /* TranscribeListView.swift in Sources */ = {isa = PBXBuildFile; fileRef = AE50F0672448C2CB00601DDF /* TranscribeListView.swift */; };
		AE50F06A2448CB1C00601DDF /* NexdUI+Player.swift in Sources */ = {isa = PBXBuildFile; fileRef = AE50F0692448CB1C00601DDF /* NexdUI+Player.swift */; };
		AE50F06C2448DCFA00601DDF /* Publisher+Debugging.swift in Sources */ = {isa = PBXBuildFile; fileRef = AE50F06B2448DCFA00601DDF /* Publisher+Debugging.swift */; };
		AE50F06E2448F76D00601DDF /* NexdUI+NumberInputView.swift in Sources */ = {isa = PBXBuildFile; fileRef = AE50F06D2448F76D00601DDF /* NexdUI+NumberInputView.swift */; };
		AE50F070244902D700601DDF /* UIApplication+EndEditing.swift in Sources */ = {isa = PBXBuildFile; fileRef = AE50F06F244902D700601DDF /* UIApplication+EndEditing.swift */; };
		AE50F0722449048B00601DDF /* NexdUI+DismissingKeyboard.swift in Sources */ = {isa = PBXBuildFile; fileRef = AE50F0712449048B00601DDF /* NexdUI+DismissingKeyboard.swift */; };
		AE510B882443ABF30068DF60 /* ShoppingListItemView.swift in Sources */ = {isa = PBXBuildFile; fileRef = AE510B872443ABF30068DF60 /* ShoppingListItemView.swift */; };
		AE510B8A2443C2FA0068DF60 /* CustomControl.swift in Sources */ = {isa = PBXBuildFile; fileRef = AE510B892443C2FA0068DF60 /* CustomControl.swift */; };
		AE510B8C2443C4550068DF60 /* CheckoutListView.swift in Sources */ = {isa = PBXBuildFile; fileRef = AE510B8B2443C4550068DF60 /* CheckoutListView.swift */; };
		AE510B8E24445D1F0068DF60 /* DeliveryConfirmationView.swift in Sources */ = {isa = PBXBuildFile; fileRef = AE510B8D24445D1F0068DF60 /* DeliveryConfirmationView.swift */; };
		AE510B9024445EC50068DF60 /* R.swift+SwiftUI.swift in Sources */ = {isa = PBXBuildFile; fileRef = AE510B8F24445EC50068DF60 /* R.swift+SwiftUI.swift */; };
		AE52A2762437B76500A1166F /* UserProfileViewController.swift in Sources */ = {isa = PBXBuildFile; fileRef = AE52A2752437B76500A1166F /* UserProfileViewController.swift */; };
		AE52A2782437D30800A1166F /* Completable+From.swift in Sources */ = {isa = PBXBuildFile; fileRef = AE52A2772437D30800A1166F /* Completable+From.swift */; };
		AE7174CE242BE16C00EBF302 /* NexdApiClient+Setup.swift in Sources */ = {isa = PBXBuildFile; fileRef = AE7174CD242BE16C00EBF302 /* NexdApiClient+Setup.swift */; };
		AE7CD520244A6B7300214E88 /* TranscribeEndView.swift in Sources */ = {isa = PBXBuildFile; fileRef = AE7CD51F244A6B7300214E88 /* TranscribeEndView.swift */; };
		AE8352EB2455CF6E00531228 /* RequestDetailsView.swift in Sources */ = {isa = PBXBuildFile; fileRef = AE8352EA2455CF6E00531228 /* RequestDetailsView.swift */; };
		AE8352ED24562D1500531228 /* ModalScreen.swift in Sources */ = {isa = PBXBuildFile; fileRef = AE8352EC24562D1500531228 /* ModalScreen.swift */; };
		AE8E235A2462A7CB00AC261D /* Dialog.swift in Sources */ = {isa = PBXBuildFile; fileRef = AE8E23592462A7CB00AC261D /* Dialog.swift */; };
		AE9775B52445E1A200765324 /* PreviewMocks.swift in Sources */ = {isa = PBXBuildFile; fileRef = AE9775B42445E1A200765324 /* PreviewMocks.swift */; };
		AEA2010F24362C0500BD6C1B /* CustomView.swift in Sources */ = {isa = PBXBuildFile; fileRef = AEA2010E24362C0500BD6C1B /* CustomView.swift */; };
		AEB6AC642440FF0600823E7C /* ArticleSelectionCell.swift in Sources */ = {isa = PBXBuildFile; fileRef = AEB6AC632440FF0600823E7C /* ArticleSelectionCell.swift */; };
		AEB6AC67244129EE00823E7C /* RequestConfirmationView.swift in Sources */ = {isa = PBXBuildFile; fileRef = AEB6AC66244129EE00823E7C /* RequestConfirmationView.swift */; };
		AEB6AC69244139D500823E7C /* UIStackView+Nexd.swift in Sources */ = {isa = PBXBuildFile; fileRef = AEB6AC68244139D500823E7C /* UIStackView+Nexd.swift */; };
		AEB6AC6B24413AA500823E7C /* PickerView.swift in Sources */ = {isa = PBXBuildFile; fileRef = AEB6AC6A24413AA500823E7C /* PickerView.swift */; };
		AEB6AC6D24413BA600823E7C /* IntegerPickerView.swift in Sources */ = {isa = PBXBuildFile; fileRef = AEB6AC6C24413BA600823E7C /* IntegerPickerView.swift */; };
		AEB6AC7224423DC900823E7C /* HelperOptionsViewController.swift in Sources */ = {isa = PBXBuildFile; fileRef = AEB6AC7124423DC900823E7C /* HelperOptionsViewController.swift */; };
		AEB6AC75244249B300823E7C /* SubMenuButton.swift in Sources */ = {isa = PBXBuildFile; fileRef = AEB6AC74244249B300823E7C /* SubMenuButton.swift */; };
		AEB6AC772442FB6300823E7C /* AcceptedRequestCell.swift in Sources */ = {isa = PBXBuildFile; fileRef = AEB6AC762442FB6300823E7C /* AcceptedRequestCell.swift */; };
		AEB6AC792443044400823E7C /* UICollectionView+Nexd.swift in Sources */ = {isa = PBXBuildFile; fileRef = AEB6AC782443044400823E7C /* UICollectionView+Nexd.swift */; };
		AEB6AC7B24432E7F00823E7C /* OpenReqeustsCell.swift in Sources */ = {isa = PBXBuildFile; fileRef = AEB6AC7A24432E7F00823E7C /* OpenReqeustsCell.swift */; };
		AEB6AC7D2443362300823E7C /* Date+Nexd.swift in Sources */ = {isa = PBXBuildFile; fileRef = AEB6AC7C2443362300823E7C /* Date+Nexd.swift */; };
		AEBB8A09244A7C3F00E657DF /* HelpRequest+UI.swift in Sources */ = {isa = PBXBuildFile; fileRef = AEBB8A08244A7C3F00E657DF /* HelpRequest+UI.swift */; };
		AEC5877F243D224800B6876C /* Colors.xcassets in Resources */ = {isa = PBXBuildFile; fileRef = AEC5877E243D224800B6876C /* Colors.xcassets */; };
		AECE9D242438D84400EDCE0D /* AudioPlayer.swift in Sources */ = {isa = PBXBuildFile; fileRef = AECE9D232438D84400EDCE0D /* AudioPlayer.swift */; };
		AED2A954243F78030082316F /* ViewController.swift in Sources */ = {isa = PBXBuildFile; fileRef = AED2A953243F78030082316F /* ViewController.swift */; };
		AED2A957243F820F0082316F /* Navigator.swift in Sources */ = {isa = PBXBuildFile; fileRef = AED2A956243F820F0082316F /* Navigator.swift */; };
		AED2A95A243F99980082316F /* AppComponent.swift in Sources */ = {isa = PBXBuildFile; fileRef = AED2A959243F99980082316F /* AppComponent.swift */; };
		AED2A95C243F9A050082316F /* CoreAppModule.swift in Sources */ = {isa = PBXBuildFile; fileRef = AED2A95B243F9A050082316F /* CoreAppModule.swift */; };
		AED2A95E243F9A210082316F /* ServicesModule.swift in Sources */ = {isa = PBXBuildFile; fileRef = AED2A95D243F9A210082316F /* ServicesModule.swift */; };
		AED2A960243F9A440082316F /* RootWindowModule.swift in Sources */ = {isa = PBXBuildFile; fileRef = AED2A95F243F9A440082316F /* RootWindowModule.swift */; };
		AED2A96524404AB80082316F /* NSAttribuedString+Nexd.swift in Sources */ = {isa = PBXBuildFile; fileRef = AED2A96424404AB80082316F /* NSAttribuedString+Nexd.swift */; };
		AED2A96724404EF10082316F /* ShoppingListOptionViewController.swift in Sources */ = {isa = PBXBuildFile; fileRef = AED2A96624404EF10082316F /* ShoppingListOptionViewController.swift */; };
		AED2A969244058800082316F /* PhoneCallViewController.swift in Sources */ = {isa = PBXBuildFile; fileRef = AED2A968244058800082316F /* PhoneCallViewController.swift */; };
		AED2A96B24406C0C0082316F /* MenuButton.swift in Sources */ = {isa = PBXBuildFile; fileRef = AED2A96A24406C0C0082316F /* MenuButton.swift */; };
		AED2A96D24406C460082316F /* BackButton.swift in Sources */ = {isa = PBXBuildFile; fileRef = AED2A96C24406C460082316F /* BackButton.swift */; };
		AED2A9712440D6E70082316F /* CancelButton.swift in Sources */ = {isa = PBXBuildFile; fileRef = AED2A9702440D6E70082316F /* CancelButton.swift */; };
		AED2A9732440D7170082316F /* ConfirmButton.swift in Sources */ = {isa = PBXBuildFile; fileRef = AED2A9722440D7170082316F /* ConfirmButton.swift */; };
		AED50B90244BA69F00A51677 /* ValidationRuleSet+Nexd.swift in Sources */ = {isa = PBXBuildFile; fileRef = AED50B8F244BA69F00A51677 /* ValidationRuleSet+Nexd.swift */; };
		AED50B92244BBD3B00A51677 /* StartAuthenticationFlowView.swift in Sources */ = {isa = PBXBuildFile; fileRef = AED50B91244BBD3B00A51677 /* StartAuthenticationFlowView.swift */; };
		AED5E5282445F15200A3DFA1 /* TranscribeInfoView.swift in Sources */ = {isa = PBXBuildFile; fileRef = AED5E5272445F15200A3DFA1 /* TranscribeInfoView.swift */; };
		AED5E52A2446232D00A3DFA1 /* NexdUI+TextField.swift in Sources */ = {isa = PBXBuildFile; fileRef = AED5E5292446232D00A3DFA1 /* NexdUI+TextField.swift */; };
		AED5E52C2446236500A3DFA1 /* NexdUI+Card.swift in Sources */ = {isa = PBXBuildFile; fileRef = AED5E52B2446236500A3DFA1 /* NexdUI+Card.swift */; };
		AED5E52E2446648F00A3DFA1 /* NexdUI+KeyboardAdaptive.swift in Sources */ = {isa = PBXBuildFile; fileRef = AED5E52D2446648F00A3DFA1 /* NexdUI+KeyboardAdaptive.swift */; };
		AED8818924351129006065D2 /* UIImageView+Nexd.swift in Sources */ = {isa = PBXBuildFile; fileRef = AED8818824351129006065D2 /* UIImageView+Nexd.swift */; };
		AED8818B24351174006065D2 /* String+Nexd.swift in Sources */ = {isa = PBXBuildFile; fileRef = AED8818A24351174006065D2 /* String+Nexd.swift */; };
		AED8818D24351E85006065D2 /* KeyboardDismisser.swift in Sources */ = {isa = PBXBuildFile; fileRef = AED8818C24351E85006065D2 /* KeyboardDismisser.swift */; };
		AED8818F24352373006065D2 /* Style.swift in Sources */ = {isa = PBXBuildFile; fileRef = AED8818E24352373006065D2 /* Style.swift */; };
		AEF3D61C242584C9005C77CE /* AppDelegate.swift in Sources */ = {isa = PBXBuildFile; fileRef = AEF3D61B242584C9005C77CE /* AppDelegate.swift */; };
		AEF3D61E242584C9005C77CE /* SceneDelegate.swift in Sources */ = {isa = PBXBuildFile; fileRef = AEF3D61D242584C9005C77CE /* SceneDelegate.swift */; };
		AEF3D625242584CC005C77CE /* Assets.xcassets in Resources */ = {isa = PBXBuildFile; fileRef = AEF3D624242584CC005C77CE /* Assets.xcassets */; };
		AEF3D628242584CC005C77CE /* LaunchScreen.storyboard in Resources */ = {isa = PBXBuildFile; fileRef = AEF3D626242584CC005C77CE /* LaunchScreen.storyboard */; };
		AEF3D633242584CC005C77CE /* NexdTests.swift in Sources */ = {isa = PBXBuildFile; fileRef = AEF3D632242584CC005C77CE /* NexdTests.swift */; };
		AEF3D63F24258FDA005C77CE /* R.generated.swift in Sources */ = {isa = PBXBuildFile; fileRef = AEF3D63E24258FDA005C77CE /* R.generated.swift */; };
		AEF3D65124259B2D005C77CE /* MainPageViewController.swift in Sources */ = {isa = PBXBuildFile; fileRef = AEF3D65024259B2D005C77CE /* MainPageViewController.swift */; };
		AEF3D6532425A138005C77CE /* HelperRequestOverviewViewController.swift in Sources */ = {isa = PBXBuildFile; fileRef = AEF3D6522425A138005C77CE /* HelperRequestOverviewViewController.swift */; };
		AEF3D65D242604C6005C77CE /* DefaultCell.swift in Sources */ = {isa = PBXBuildFile; fileRef = AEF3D65C242604C6005C77CE /* DefaultCell.swift */; };
		AEF3D65F242604DE005C77CE /* DataSource.swift in Sources */ = {isa = PBXBuildFile; fileRef = AEF3D65E242604DE005C77CE /* DataSource.swift */; };
		AEF3D66124260500005C77CE /* DefaultDataSource.swift in Sources */ = {isa = PBXBuildFile; fileRef = AEF3D66024260500005C77CE /* DefaultDataSource.swift */; };
		AEF3D66524261131005C77CE /* SectionHeaderView.swift in Sources */ = {isa = PBXBuildFile; fileRef = AEF3D66424261131005C77CE /* SectionHeaderView.swift */; };
		AEF3D667242630C3005C77CE /* AppConfiguration.swift in Sources */ = {isa = PBXBuildFile; fileRef = AEF3D666242630C3005C77CE /* AppConfiguration.swift */; };
		AEF3D66924263149005C77CE /* RegistrationView.swift in Sources */ = {isa = PBXBuildFile; fileRef = AEF3D66824263149005C77CE /* RegistrationView.swift */; };
		AEF3D66C24263AA0005C77CE /* AuthenticationService.swift in Sources */ = {isa = PBXBuildFile; fileRef = AEF3D66B24263AA0005C77CE /* AuthenticationService.swift */; };
		AEF3D66F24266472005C77CE /* UIViewController+Nexd.swift in Sources */ = {isa = PBXBuildFile; fileRef = AEF3D66E24266472005C77CE /* UIViewController+Nexd.swift */; };
		AEF3D6712426785C005C77CE /* Storage.swift in Sources */ = {isa = PBXBuildFile; fileRef = AEF3D6702426785C005C77CE /* Storage.swift */; };
		AEF3D6752426912F005C77CE /* SeekerItemSelectionViewController.swift in Sources */ = {isa = PBXBuildFile; fileRef = AEF3D6742426912F005C77CE /* SeekerItemSelectionViewController.swift */; };
		AEF3D6772426AD56005C77CE /* ArticlesService.swift in Sources */ = {isa = PBXBuildFile; fileRef = AEF3D6762426AD56005C77CE /* ArticlesService.swift */; };
		AEF3D6792426B970005C77CE /* CheckableCell.swift in Sources */ = {isa = PBXBuildFile; fileRef = AEF3D6782426B970005C77CE /* CheckableCell.swift */; };
		C6F9DC93F7999234B185ACF2 /* Pods_nexd.framework in Frameworks */ = {isa = PBXBuildFile; fileRef = 35136F03C95F3992A6BAEDFD /* Pods_nexd.framework */; };
		E6914F55243FCAA400F0ACD2 /* LoginView.swift in Sources */ = {isa = PBXBuildFile; fileRef = E6914F54243FCAA400F0ACD2 /* LoginView.swift */; };
		E6B8B24B243BDA8900E50972 /* proxima-nova-soft-medium-webfont.ttf in Resources */ = {isa = PBXBuildFile; fileRef = E6B8B247243BDA8800E50972 /* proxima-nova-soft-medium-webfont.ttf */; };
		E6B8B24C243BDA8900E50972 /* proxima-nova-soft-bold-webfont.ttf in Resources */ = {isa = PBXBuildFile; fileRef = E6B8B248243BDA8800E50972 /* proxima-nova-soft-bold-webfont.ttf */; };
		E6B8B24D243BDA8900E50972 /* proxima-nova-soft-regular-webfont.ttf in Resources */ = {isa = PBXBuildFile; fileRef = E6B8B249243BDA8900E50972 /* proxima-nova-soft-regular-webfont.ttf */; };
		E6B8B24E243BDA8900E50972 /* proxima-nova-soft-semibold-webfont.ttf in Resources */ = {isa = PBXBuildFile; fileRef = E6B8B24A243BDA8900E50972 /* proxima-nova-soft-semibold-webfont.ttf */; };
		FFCBC08C9AB985704A26A1E7 /* Pods_nexdTests.framework in Frameworks */ = {isa = PBXBuildFile; fileRef = 6716B0BAB729209EF82D3B1A /* Pods_nexdTests.framework */; };
/* End PBXBuildFile section */

/* Begin PBXContainerItemProxy section */
		AEF3D62F242584CC005C77CE /* PBXContainerItemProxy */ = {
			isa = PBXContainerItemProxy;
			containerPortal = AEF3D610242584C9005C77CE /* Project object */;
			proxyType = 1;
			remoteGlobalIDString = AEF3D617242584C9005C77CE;
			remoteInfo = NearBuy;
		};
/* End PBXContainerItemProxy section */

/* Begin PBXFileReference section */
		170FD32DBA6DD6B32509C3C9 /* Pods-Nexd.debug.xcconfig */ = {isa = PBXFileReference; includeInIndex = 1; lastKnownFileType = text.xcconfig; name = "Pods-Nexd.debug.xcconfig"; path = "Target Support Files/Pods-Nexd/Pods-Nexd.debug.xcconfig"; sourceTree = "<group>"; };
		35136F03C95F3992A6BAEDFD /* Pods_nexd.framework */ = {isa = PBXFileReference; explicitFileType = wrapper.framework; includeInIndex = 0; path = Pods_nexd.framework; sourceTree = BUILT_PRODUCTS_DIR; };
		486AAE296D909DFC2821DE4E /* Pods-nexdTests.release.xcconfig */ = {isa = PBXFileReference; includeInIndex = 1; lastKnownFileType = text.xcconfig; name = "Pods-nexdTests.release.xcconfig"; path = "Target Support Files/Pods-nexdTests/Pods-nexdTests.release.xcconfig"; sourceTree = "<group>"; };
		6716B0BAB729209EF82D3B1A /* Pods_nexdTests.framework */ = {isa = PBXFileReference; explicitFileType = wrapper.framework; includeInIndex = 0; path = Pods_nexdTests.framework; sourceTree = BUILT_PRODUCTS_DIR; };
		885A0DBDF401BD95331F807C /* Pods-nexd.debug.xcconfig */ = {isa = PBXFileReference; includeInIndex = 1; lastKnownFileType = text.xcconfig; name = "Pods-nexd.debug.xcconfig"; path = "Target Support Files/Pods-nexd/Pods-nexd.debug.xcconfig"; sourceTree = "<group>"; };
		AE13590F2444A2410015D7AB /* NexdUI.swift */ = {isa = PBXFileReference; lastKnownFileType = sourcecode.swift; path = NexdUI.swift; sourceTree = "<group>"; };
		AE1359112444E5460015D7AB /* HTTPStatusCode.swift */ = {isa = PBXFileReference; lastKnownFileType = sourcecode.swift; path = HTTPStatusCode.swift; sourceTree = "<group>"; };
		AE1359172444E98E0015D7AB /* Single+Nexd.swift */ = {isa = PBXFileReference; lastKnownFileType = sourcecode.swift; path = "Single+Nexd.swift"; sourceTree = "<group>"; };
		AE1359192444EBBC0015D7AB /* ErrorResponse+Nexd.swift */ = {isa = PBXFileReference; lastKnownFileType = sourcecode.swift; path = "ErrorResponse+Nexd.swift"; sourceTree = "<group>"; };
		AE15C14224575AD4006AEFCB /* HelperRequestFilterSettingsView.swift */ = {isa = PBXFileReference; lastKnownFileType = sourcecode.swift; path = HelperRequestFilterSettingsView.swift; sourceTree = "<group>"; };
		AE1E0104243148E90006A490 /* KeyboardObserver.swift */ = {isa = PBXFileReference; lastKnownFileType = sourcecode.swift; path = KeyboardObserver.swift; sourceTree = "<group>"; };
		AE26902124278BFC009A8892 /* UserService.swift */ = {isa = PBXFileReference; lastKnownFileType = sourcecode.swift; path = UserService.swift; sourceTree = "<group>"; };
		AE2690232427A61D009A8892 /* HelpListsService.swift */ = {isa = PBXFileReference; lastKnownFileType = sourcecode.swift; path = HelpListsService.swift; sourceTree = "<group>"; };
		AE2690252427B3BA009A8892 /* UILabel+Nexd.swift */ = {isa = PBXFileReference; lastKnownFileType = sourcecode.swift; path = "UILabel+Nexd.swift"; sourceTree = "<group>"; };
		AE2690272427BC46009A8892 /* ShoppingListViewController.swift */ = {isa = PBXFileReference; lastKnownFileType = sourcecode.swift; path = ShoppingListViewController.swift; sourceTree = "<group>"; };
		AE2690292427E984009A8892 /* CheckoutViewController.swift */ = {isa = PBXFileReference; lastKnownFileType = sourcecode.swift; path = CheckoutViewController.swift; sourceTree = "<group>"; };
		AE2A9A862426D1D5006066B4 /* UIButton+Nexd.swift */ = {isa = PBXFileReference; lastKnownFileType = sourcecode.swift; path = "UIButton+Nexd.swift"; sourceTree = "<group>"; };
		AE2A9A8A2426DF09006066B4 /* HelpRequestsService.swift */ = {isa = PBXFileReference; lastKnownFileType = sourcecode.swift; path = HelpRequestsService.swift; sourceTree = "<group>"; };
		AE2A9A922426FA50006066B4 /* en */ = {isa = PBXFileReference; lastKnownFileType = text.plist.strings; name = en; path = en.lproj/Localizable.strings; sourceTree = "<group>"; };
		AE2A9A942426FA67006066B4 /* de */ = {isa = PBXFileReference; lastKnownFileType = text.plist.strings; name = de; path = de.lproj/Localizable.strings; sourceTree = "<group>"; };
		AE2A9A9524275E14006066B4 /* UITextField+Nexd.swift */ = {isa = PBXFileReference; lastKnownFileType = sourcecode.swift; path = "UITextField+Nexd.swift"; sourceTree = "<group>"; };
		AE2A9A9924278989006066B4 /* UserDetailsViewController.swift */ = {isa = PBXFileReference; lastKnownFileType = sourcecode.swift; path = UserDetailsViewController.swift; sourceTree = "<group>"; };
		AE2AF7832457622F00A1331F /* FilterButton.swift */ = {isa = PBXFileReference; lastKnownFileType = sourcecode.swift; path = FilterButton.swift; sourceTree = "<group>"; };
		AE4EA654243A665900B8E9D6 /* PhoneService.swift */ = {isa = PBXFileReference; lastKnownFileType = sourcecode.swift; path = PhoneService.swift; sourceTree = "<group>"; };
		AE50F0672448C2CB00601DDF /* TranscribeListView.swift */ = {isa = PBXFileReference; lastKnownFileType = sourcecode.swift; path = TranscribeListView.swift; sourceTree = "<group>"; };
		AE50F0692448CB1C00601DDF /* NexdUI+Player.swift */ = {isa = PBXFileReference; lastKnownFileType = sourcecode.swift; path = "NexdUI+Player.swift"; sourceTree = "<group>"; };
		AE50F06B2448DCFA00601DDF /* Publisher+Debugging.swift */ = {isa = PBXFileReference; lastKnownFileType = sourcecode.swift; path = "Publisher+Debugging.swift"; sourceTree = "<group>"; };
		AE50F06D2448F76D00601DDF /* NexdUI+NumberInputView.swift */ = {isa = PBXFileReference; lastKnownFileType = sourcecode.swift; path = "NexdUI+NumberInputView.swift"; sourceTree = "<group>"; };
		AE50F06F244902D700601DDF /* UIApplication+EndEditing.swift */ = {isa = PBXFileReference; lastKnownFileType = sourcecode.swift; path = "UIApplication+EndEditing.swift"; sourceTree = "<group>"; };
		AE50F0712449048B00601DDF /* NexdUI+DismissingKeyboard.swift */ = {isa = PBXFileReference; lastKnownFileType = sourcecode.swift; path = "NexdUI+DismissingKeyboard.swift"; sourceTree = "<group>"; };
		AE510B872443ABF30068DF60 /* ShoppingListItemView.swift */ = {isa = PBXFileReference; lastKnownFileType = sourcecode.swift; path = ShoppingListItemView.swift; sourceTree = "<group>"; };
		AE510B892443C2FA0068DF60 /* CustomControl.swift */ = {isa = PBXFileReference; lastKnownFileType = sourcecode.swift; path = CustomControl.swift; sourceTree = "<group>"; };
		AE510B8B2443C4550068DF60 /* CheckoutListView.swift */ = {isa = PBXFileReference; lastKnownFileType = sourcecode.swift; path = CheckoutListView.swift; sourceTree = "<group>"; };
		AE510B8D24445D1F0068DF60 /* DeliveryConfirmationView.swift */ = {isa = PBXFileReference; lastKnownFileType = sourcecode.swift; path = DeliveryConfirmationView.swift; sourceTree = "<group>"; };
		AE510B8F24445EC50068DF60 /* R.swift+SwiftUI.swift */ = {isa = PBXFileReference; lastKnownFileType = sourcecode.swift; path = "R.swift+SwiftUI.swift"; sourceTree = "<group>"; };
		AE52A2752437B76500A1166F /* UserProfileViewController.swift */ = {isa = PBXFileReference; lastKnownFileType = sourcecode.swift; path = UserProfileViewController.swift; sourceTree = "<group>"; };
		AE52A2772437D30800A1166F /* Completable+From.swift */ = {isa = PBXFileReference; lastKnownFileType = sourcecode.swift; path = "Completable+From.swift"; sourceTree = "<group>"; };
		AE7174CD242BE16C00EBF302 /* NexdApiClient+Setup.swift */ = {isa = PBXFileReference; lastKnownFileType = sourcecode.swift; path = "NexdApiClient+Setup.swift"; sourceTree = "<group>"; };
		AE7CD51F244A6B7300214E88 /* TranscribeEndView.swift */ = {isa = PBXFileReference; lastKnownFileType = sourcecode.swift; path = TranscribeEndView.swift; sourceTree = "<group>"; };
		AE8352EA2455CF6E00531228 /* RequestDetailsView.swift */ = {isa = PBXFileReference; lastKnownFileType = sourcecode.swift; path = RequestDetailsView.swift; sourceTree = "<group>"; };
		AE8352EC24562D1500531228 /* ModalScreen.swift */ = {isa = PBXFileReference; lastKnownFileType = sourcecode.swift; path = ModalScreen.swift; sourceTree = "<group>"; };
		AE8E23592462A7CB00AC261D /* Dialog.swift */ = {isa = PBXFileReference; lastKnownFileType = sourcecode.swift; path = Dialog.swift; sourceTree = "<group>"; };
		AE9775B42445E1A200765324 /* PreviewMocks.swift */ = {isa = PBXFileReference; fileEncoding = 4; lastKnownFileType = sourcecode.swift; path = PreviewMocks.swift; sourceTree = "<group>"; };
		AEA2010E24362C0500BD6C1B /* CustomView.swift */ = {isa = PBXFileReference; lastKnownFileType = sourcecode.swift; path = CustomView.swift; sourceTree = "<group>"; };
		AEB6AC632440FF0600823E7C /* ArticleSelectionCell.swift */ = {isa = PBXFileReference; lastKnownFileType = sourcecode.swift; path = ArticleSelectionCell.swift; sourceTree = "<group>"; };
		AEB6AC66244129EE00823E7C /* RequestConfirmationView.swift */ = {isa = PBXFileReference; lastKnownFileType = sourcecode.swift; path = RequestConfirmationView.swift; sourceTree = "<group>"; };
		AEB6AC68244139D500823E7C /* UIStackView+Nexd.swift */ = {isa = PBXFileReference; lastKnownFileType = sourcecode.swift; path = "UIStackView+Nexd.swift"; sourceTree = "<group>"; };
		AEB6AC6A24413AA500823E7C /* PickerView.swift */ = {isa = PBXFileReference; lastKnownFileType = sourcecode.swift; path = PickerView.swift; sourceTree = "<group>"; };
		AEB6AC6C24413BA600823E7C /* IntegerPickerView.swift */ = {isa = PBXFileReference; lastKnownFileType = sourcecode.swift; path = IntegerPickerView.swift; sourceTree = "<group>"; };
		AEB6AC7124423DC900823E7C /* HelperOptionsViewController.swift */ = {isa = PBXFileReference; lastKnownFileType = sourcecode.swift; path = HelperOptionsViewController.swift; sourceTree = "<group>"; };
		AEB6AC74244249B300823E7C /* SubMenuButton.swift */ = {isa = PBXFileReference; lastKnownFileType = sourcecode.swift; path = SubMenuButton.swift; sourceTree = "<group>"; };
		AEB6AC762442FB6300823E7C /* AcceptedRequestCell.swift */ = {isa = PBXFileReference; lastKnownFileType = sourcecode.swift; path = AcceptedRequestCell.swift; sourceTree = "<group>"; };
		AEB6AC782443044400823E7C /* UICollectionView+Nexd.swift */ = {isa = PBXFileReference; lastKnownFileType = sourcecode.swift; path = "UICollectionView+Nexd.swift"; sourceTree = "<group>"; };
		AEB6AC7A24432E7F00823E7C /* OpenReqeustsCell.swift */ = {isa = PBXFileReference; lastKnownFileType = sourcecode.swift; path = OpenReqeustsCell.swift; sourceTree = "<group>"; };
		AEB6AC7C2443362300823E7C /* Date+Nexd.swift */ = {isa = PBXFileReference; lastKnownFileType = sourcecode.swift; path = "Date+Nexd.swift"; sourceTree = "<group>"; };
		AEBB8A08244A7C3F00E657DF /* HelpRequest+UI.swift */ = {isa = PBXFileReference; lastKnownFileType = sourcecode.swift; path = "HelpRequest+UI.swift"; sourceTree = "<group>"; };
		AEC5877E243D224800B6876C /* Colors.xcassets */ = {isa = PBXFileReference; lastKnownFileType = folder.assetcatalog; path = Colors.xcassets; sourceTree = "<group>"; };
		AECE9D232438D84400EDCE0D /* AudioPlayer.swift */ = {isa = PBXFileReference; lastKnownFileType = sourcecode.swift; path = AudioPlayer.swift; sourceTree = "<group>"; };
		AED2A953243F78030082316F /* ViewController.swift */ = {isa = PBXFileReference; lastKnownFileType = sourcecode.swift; path = ViewController.swift; sourceTree = "<group>"; };
		AED2A956243F820F0082316F /* Navigator.swift */ = {isa = PBXFileReference; lastKnownFileType = sourcecode.swift; path = Navigator.swift; sourceTree = "<group>"; };
		AED2A959243F99980082316F /* AppComponent.swift */ = {isa = PBXFileReference; lastKnownFileType = sourcecode.swift; path = AppComponent.swift; sourceTree = "<group>"; };
		AED2A95B243F9A050082316F /* CoreAppModule.swift */ = {isa = PBXFileReference; lastKnownFileType = sourcecode.swift; path = CoreAppModule.swift; sourceTree = "<group>"; };
		AED2A95D243F9A210082316F /* ServicesModule.swift */ = {isa = PBXFileReference; lastKnownFileType = sourcecode.swift; path = ServicesModule.swift; sourceTree = "<group>"; };
		AED2A95F243F9A440082316F /* RootWindowModule.swift */ = {isa = PBXFileReference; lastKnownFileType = sourcecode.swift; path = RootWindowModule.swift; sourceTree = "<group>"; };
		AED2A96424404AB80082316F /* NSAttribuedString+Nexd.swift */ = {isa = PBXFileReference; lastKnownFileType = sourcecode.swift; path = "NSAttribuedString+Nexd.swift"; sourceTree = "<group>"; };
		AED2A96624404EF10082316F /* ShoppingListOptionViewController.swift */ = {isa = PBXFileReference; lastKnownFileType = sourcecode.swift; path = ShoppingListOptionViewController.swift; sourceTree = "<group>"; };
		AED2A968244058800082316F /* PhoneCallViewController.swift */ = {isa = PBXFileReference; lastKnownFileType = sourcecode.swift; path = PhoneCallViewController.swift; sourceTree = "<group>"; };
		AED2A96A24406C0C0082316F /* MenuButton.swift */ = {isa = PBXFileReference; lastKnownFileType = sourcecode.swift; path = MenuButton.swift; sourceTree = "<group>"; };
		AED2A96C24406C460082316F /* BackButton.swift */ = {isa = PBXFileReference; lastKnownFileType = sourcecode.swift; path = BackButton.swift; sourceTree = "<group>"; };
		AED2A9702440D6E70082316F /* CancelButton.swift */ = {isa = PBXFileReference; lastKnownFileType = sourcecode.swift; path = CancelButton.swift; sourceTree = "<group>"; };
		AED2A9722440D7170082316F /* ConfirmButton.swift */ = {isa = PBXFileReference; lastKnownFileType = sourcecode.swift; path = ConfirmButton.swift; sourceTree = "<group>"; };
		AED50B8F244BA69F00A51677 /* ValidationRuleSet+Nexd.swift */ = {isa = PBXFileReference; lastKnownFileType = sourcecode.swift; path = "ValidationRuleSet+Nexd.swift"; sourceTree = "<group>"; };
		AED50B91244BBD3B00A51677 /* StartAuthenticationFlowView.swift */ = {isa = PBXFileReference; lastKnownFileType = sourcecode.swift; path = StartAuthenticationFlowView.swift; sourceTree = "<group>"; };
		AED5E5272445F15200A3DFA1 /* TranscribeInfoView.swift */ = {isa = PBXFileReference; lastKnownFileType = sourcecode.swift; path = TranscribeInfoView.swift; sourceTree = "<group>"; };
		AED5E5292446232D00A3DFA1 /* NexdUI+TextField.swift */ = {isa = PBXFileReference; lastKnownFileType = sourcecode.swift; path = "NexdUI+TextField.swift"; sourceTree = "<group>"; };
		AED5E52B2446236500A3DFA1 /* NexdUI+Card.swift */ = {isa = PBXFileReference; lastKnownFileType = sourcecode.swift; path = "NexdUI+Card.swift"; sourceTree = "<group>"; };
		AED5E52D2446648F00A3DFA1 /* NexdUI+KeyboardAdaptive.swift */ = {isa = PBXFileReference; lastKnownFileType = sourcecode.swift; path = "NexdUI+KeyboardAdaptive.swift"; sourceTree = "<group>"; };
		AED8818824351129006065D2 /* UIImageView+Nexd.swift */ = {isa = PBXFileReference; lastKnownFileType = sourcecode.swift; path = "UIImageView+Nexd.swift"; sourceTree = "<group>"; };
		AED8818A24351174006065D2 /* String+Nexd.swift */ = {isa = PBXFileReference; lastKnownFileType = sourcecode.swift; path = "String+Nexd.swift"; sourceTree = "<group>"; };
		AED8818C24351E85006065D2 /* KeyboardDismisser.swift */ = {isa = PBXFileReference; lastKnownFileType = sourcecode.swift; path = KeyboardDismisser.swift; sourceTree = "<group>"; };
		AED8818E24352373006065D2 /* Style.swift */ = {isa = PBXFileReference; lastKnownFileType = sourcecode.swift; path = Style.swift; sourceTree = "<group>"; };
		AEF3D618242584C9005C77CE /* nexd.app */ = {isa = PBXFileReference; explicitFileType = wrapper.application; includeInIndex = 0; path = nexd.app; sourceTree = BUILT_PRODUCTS_DIR; };
		AEF3D61B242584C9005C77CE /* AppDelegate.swift */ = {isa = PBXFileReference; lastKnownFileType = sourcecode.swift; path = AppDelegate.swift; sourceTree = "<group>"; };
		AEF3D61D242584C9005C77CE /* SceneDelegate.swift */ = {isa = PBXFileReference; lastKnownFileType = sourcecode.swift; path = SceneDelegate.swift; sourceTree = "<group>"; };
		AEF3D624242584CC005C77CE /* Assets.xcassets */ = {isa = PBXFileReference; lastKnownFileType = folder.assetcatalog; path = Assets.xcassets; sourceTree = "<group>"; };
		AEF3D627242584CC005C77CE /* Base */ = {isa = PBXFileReference; lastKnownFileType = file.storyboard; name = Base; path = Base.lproj/LaunchScreen.storyboard; sourceTree = "<group>"; };
		AEF3D629242584CC005C77CE /* Info.plist */ = {isa = PBXFileReference; lastKnownFileType = text.plist.xml; path = Info.plist; sourceTree = "<group>"; };
		AEF3D62E242584CC005C77CE /* nexdTests.xctest */ = {isa = PBXFileReference; explicitFileType = wrapper.cfbundle; includeInIndex = 0; path = nexdTests.xctest; sourceTree = BUILT_PRODUCTS_DIR; };
		AEF3D632242584CC005C77CE /* NexdTests.swift */ = {isa = PBXFileReference; lastKnownFileType = sourcecode.swift; path = NexdTests.swift; sourceTree = "<group>"; };
		AEF3D634242584CC005C77CE /* Info.plist */ = {isa = PBXFileReference; lastKnownFileType = text.plist.xml; path = Info.plist; sourceTree = "<group>"; };
		AEF3D63E24258FDA005C77CE /* R.generated.swift */ = {isa = PBXFileReference; fileEncoding = 4; lastKnownFileType = sourcecode.swift; path = R.generated.swift; sourceTree = SOURCE_ROOT; };
		AEF3D65024259B2D005C77CE /* MainPageViewController.swift */ = {isa = PBXFileReference; lastKnownFileType = sourcecode.swift; path = MainPageViewController.swift; sourceTree = "<group>"; };
		AEF3D6522425A138005C77CE /* HelperRequestOverviewViewController.swift */ = {isa = PBXFileReference; lastKnownFileType = sourcecode.swift; path = HelperRequestOverviewViewController.swift; sourceTree = "<group>"; };
		AEF3D65C242604C6005C77CE /* DefaultCell.swift */ = {isa = PBXFileReference; fileEncoding = 4; lastKnownFileType = sourcecode.swift; path = DefaultCell.swift; sourceTree = "<group>"; };
		AEF3D65E242604DE005C77CE /* DataSource.swift */ = {isa = PBXFileReference; lastKnownFileType = sourcecode.swift; path = DataSource.swift; sourceTree = "<group>"; };
		AEF3D66024260500005C77CE /* DefaultDataSource.swift */ = {isa = PBXFileReference; lastKnownFileType = sourcecode.swift; path = DefaultDataSource.swift; sourceTree = "<group>"; };
		AEF3D66424261131005C77CE /* SectionHeaderView.swift */ = {isa = PBXFileReference; lastKnownFileType = sourcecode.swift; path = SectionHeaderView.swift; sourceTree = "<group>"; };
		AEF3D666242630C3005C77CE /* AppConfiguration.swift */ = {isa = PBXFileReference; lastKnownFileType = sourcecode.swift; path = AppConfiguration.swift; sourceTree = "<group>"; };
		AEF3D66824263149005C77CE /* RegistrationView.swift */ = {isa = PBXFileReference; lastKnownFileType = sourcecode.swift; path = RegistrationView.swift; sourceTree = "<group>"; };
		AEF3D66B24263AA0005C77CE /* AuthenticationService.swift */ = {isa = PBXFileReference; lastKnownFileType = sourcecode.swift; path = AuthenticationService.swift; sourceTree = "<group>"; };
		AEF3D66E24266472005C77CE /* UIViewController+Nexd.swift */ = {isa = PBXFileReference; lastKnownFileType = sourcecode.swift; path = "UIViewController+Nexd.swift"; sourceTree = "<group>"; };
		AEF3D6702426785C005C77CE /* Storage.swift */ = {isa = PBXFileReference; lastKnownFileType = sourcecode.swift; path = Storage.swift; sourceTree = "<group>"; };
		AEF3D6742426912F005C77CE /* SeekerItemSelectionViewController.swift */ = {isa = PBXFileReference; lastKnownFileType = sourcecode.swift; path = SeekerItemSelectionViewController.swift; sourceTree = "<group>"; };
		AEF3D6762426AD56005C77CE /* ArticlesService.swift */ = {isa = PBXFileReference; lastKnownFileType = sourcecode.swift; path = ArticlesService.swift; sourceTree = "<group>"; };
		AEF3D6782426B970005C77CE /* CheckableCell.swift */ = {isa = PBXFileReference; lastKnownFileType = sourcecode.swift; path = CheckableCell.swift; sourceTree = "<group>"; };
		BA9217C4FA791A8A83068198 /* Pods-nexd.release.xcconfig */ = {isa = PBXFileReference; includeInIndex = 1; lastKnownFileType = text.xcconfig; name = "Pods-nexd.release.xcconfig"; path = "Target Support Files/Pods-nexd/Pods-nexd.release.xcconfig"; sourceTree = "<group>"; };
		BB8BAEE1DEF583ED1E6599F4 /* Pods-NexdTests.debug.xcconfig */ = {isa = PBXFileReference; includeInIndex = 1; lastKnownFileType = text.xcconfig; name = "Pods-NexdTests.debug.xcconfig"; path = "Target Support Files/Pods-NexdTests/Pods-NexdTests.debug.xcconfig"; sourceTree = "<group>"; };
		DBE17CC4C8B2180DB2DCAAA2 /* Pods-NexdTests.release.xcconfig */ = {isa = PBXFileReference; includeInIndex = 1; lastKnownFileType = text.xcconfig; name = "Pods-NexdTests.release.xcconfig"; path = "Target Support Files/Pods-NexdTests/Pods-NexdTests.release.xcconfig"; sourceTree = "<group>"; };
		E6914F54243FCAA400F0ACD2 /* LoginView.swift */ = {isa = PBXFileReference; lastKnownFileType = sourcecode.swift; path = LoginView.swift; sourceTree = "<group>"; };
		E6B8B247243BDA8800E50972 /* proxima-nova-soft-medium-webfont.ttf */ = {isa = PBXFileReference; lastKnownFileType = file; path = "proxima-nova-soft-medium-webfont.ttf"; sourceTree = "<group>"; };
		E6B8B248243BDA8800E50972 /* proxima-nova-soft-bold-webfont.ttf */ = {isa = PBXFileReference; lastKnownFileType = file; path = "proxima-nova-soft-bold-webfont.ttf"; sourceTree = "<group>"; };
		E6B8B249243BDA8900E50972 /* proxima-nova-soft-regular-webfont.ttf */ = {isa = PBXFileReference; lastKnownFileType = file; path = "proxima-nova-soft-regular-webfont.ttf"; sourceTree = "<group>"; };
		E6B8B24A243BDA8900E50972 /* proxima-nova-soft-semibold-webfont.ttf */ = {isa = PBXFileReference; lastKnownFileType = file; path = "proxima-nova-soft-semibold-webfont.ttf"; sourceTree = "<group>"; };
		F1E7BF07394EEF7D7982A0F9 /* Pods-nexdTests.debug.xcconfig */ = {isa = PBXFileReference; includeInIndex = 1; lastKnownFileType = text.xcconfig; name = "Pods-nexdTests.debug.xcconfig"; path = "Target Support Files/Pods-nexdTests/Pods-nexdTests.debug.xcconfig"; sourceTree = "<group>"; };
		F5C6625133D212FE18A22CCD /* Pods-Nexd.release.xcconfig */ = {isa = PBXFileReference; includeInIndex = 1; lastKnownFileType = text.xcconfig; name = "Pods-Nexd.release.xcconfig"; path = "Target Support Files/Pods-Nexd/Pods-Nexd.release.xcconfig"; sourceTree = "<group>"; };
/* End PBXFileReference section */

/* Begin PBXFrameworksBuildPhase section */
		AEF3D615242584C9005C77CE /* Frameworks */ = {
			isa = PBXFrameworksBuildPhase;
			buildActionMask = 2147483647;
			files = (
				C6F9DC93F7999234B185ACF2 /* Pods_nexd.framework in Frameworks */,
			);
			runOnlyForDeploymentPostprocessing = 0;
		};
		AEF3D62B242584CC005C77CE /* Frameworks */ = {
			isa = PBXFrameworksBuildPhase;
			buildActionMask = 2147483647;
			files = (
				FFCBC08C9AB985704A26A1E7 /* Pods_nexdTests.framework in Frameworks */,
			);
			runOnlyForDeploymentPostprocessing = 0;
		};
/* End PBXFrameworksBuildPhase section */

/* Begin PBXGroup section */
		ADC00A67FE5460AED668653F /* Frameworks */ = {
			isa = PBXGroup;
			children = (
				35136F03C95F3992A6BAEDFD /* Pods_nexd.framework */,
				6716B0BAB729209EF82D3B1A /* Pods_nexdTests.framework */,
			);
			name = Frameworks;
			sourceTree = "<group>";
		};
		AE13590B244470BA0015D7AB /* swiftui */ = {
			isa = PBXGroup;
			children = (
				AE9775B42445E1A200765324 /* PreviewMocks.swift */,
				AE510B8F24445EC50068DF60 /* R.swift+SwiftUI.swift */,
				AE8352EC24562D1500531228 /* ModalScreen.swift */,
			);
			path = swiftui;
			sourceTree = "<group>";
		};
		AE13590E2444A22E0015D7AB /* swiftui */ = {
			isa = PBXGroup;
			children = (
				AE13590F2444A2410015D7AB /* NexdUI.swift */,
				AED5E5292446232D00A3DFA1 /* NexdUI+TextField.swift */,
				AE50F06D2448F76D00601DDF /* NexdUI+NumberInputView.swift */,
				AED5E52B2446236500A3DFA1 /* NexdUI+Card.swift */,
				AE50F0692448CB1C00601DDF /* NexdUI+Player.swift */,
				AED5E52D2446648F00A3DFA1 /* NexdUI+KeyboardAdaptive.swift */,
				AE50F0712449048B00601DDF /* NexdUI+DismissingKeyboard.swift */,
				AE8E23592462A7CB00AC261D /* Dialog.swift */,
			);
			path = swiftui;
			sourceTree = "<group>";
		};
		AE1359132444E8220015D7AB /* netwokring */ = {
			isa = PBXGroup;
			children = (
				AE1359112444E5460015D7AB /* HTTPStatusCode.swift */,
				AE7174CD242BE16C00EBF302 /* NexdApiClient+Setup.swift */,
				AE1359192444EBBC0015D7AB /* ErrorResponse+Nexd.swift */,
			);
			path = netwokring;
			sourceTree = "<group>";
		};
		AE1359162444E9780015D7AB /* rx */ = {
			isa = PBXGroup;
			children = (
				AE52A2772437D30800A1166F /* Completable+From.swift */,
				AE1359172444E98E0015D7AB /* Single+Nexd.swift */,
			);
			path = rx;
			sourceTree = "<group>";
		};
		AEB6AC622440FEB600823E7C /* cells */ = {
			isa = PBXGroup;
			children = (
				AEF3D65C242604C6005C77CE /* DefaultCell.swift */,
				AEF3D6782426B970005C77CE /* CheckableCell.swift */,
				AEB6AC632440FF0600823E7C /* ArticleSelectionCell.swift */,
				AEB6AC762442FB6300823E7C /* AcceptedRequestCell.swift */,
				AEB6AC7A24432E7F00823E7C /* OpenReqeustsCell.swift */,
			);
			path = cells;
			sourceTree = "<group>";
		};
		AEB6AC65244129B900823E7C /* seeker */ = {
			isa = PBXGroup;
			children = (
				AED2A96624404EF10082316F /* ShoppingListOptionViewController.swift */,
				AEF3D6742426912F005C77CE /* SeekerItemSelectionViewController.swift */,
				AED2A968244058800082316F /* PhoneCallViewController.swift */,
				AEB6AC66244129EE00823E7C /* RequestConfirmationView.swift */,
			);
			path = seeker;
			sourceTree = "<group>";
		};
		AEB6AC7024423D9500823E7C /* helper */ = {
			isa = PBXGroup;
			children = (
				AED5E5262445F0A200A3DFA1 /* transcription */,
				AEB6AC7124423DC900823E7C /* HelperOptionsViewController.swift */,
				AEF3D6522425A138005C77CE /* HelperRequestOverviewViewController.swift */,
				AE2690272427BC46009A8892 /* ShoppingListViewController.swift */,
				AE2690292427E984009A8892 /* CheckoutViewController.swift */,
				AE510B8B2443C4550068DF60 /* CheckoutListView.swift */,
				AE510B8D24445D1F0068DF60 /* DeliveryConfirmationView.swift */,
				AE8352EA2455CF6E00531228 /* RequestDetailsView.swift */,
				AE15C14224575AD4006AEFCB /* HelperRequestFilterSettingsView.swift */,
			);
			path = helper;
			sourceTree = "<group>";
		};
		AEB6AC732442498700823E7C /* buttons */ = {
			isa = PBXGroup;
			children = (
				AED2A96A24406C0C0082316F /* MenuButton.swift */,
				AED2A96C24406C460082316F /* BackButton.swift */,
				AED2A9702440D6E70082316F /* CancelButton.swift */,
				AED2A9722440D7170082316F /* ConfirmButton.swift */,
				AEB6AC74244249B300823E7C /* SubMenuButton.swift */,
				AE2AF7832457622F00A1331F /* FilterButton.swift */,
			);
			path = buttons;
			sourceTree = "<group>";
		};
		AED2A955243F81F20082316F /* mvvm */ = {
			isa = PBXGroup;
			children = (
				AED2A953243F78030082316F /* ViewController.swift */,
				AED2A956243F820F0082316F /* Navigator.swift */,
			);
			path = mvvm;
			sourceTree = "<group>";
		};
		AED2A958243F99880082316F /* di */ = {
			isa = PBXGroup;
			children = (
				AED2A959243F99980082316F /* AppComponent.swift */,
				AED2A95B243F9A050082316F /* CoreAppModule.swift */,
				AED2A95D243F9A210082316F /* ServicesModule.swift */,
				AED2A95F243F9A440082316F /* RootWindowModule.swift */,
			);
			path = di;
			sourceTree = "<group>";
		};
		AED5E5262445F0A200A3DFA1 /* transcription */ = {
			isa = PBXGroup;
			children = (
				AED5E5272445F15200A3DFA1 /* TranscribeInfoView.swift */,
				AE50F0672448C2CB00601DDF /* TranscribeListView.swift */,
				AE7CD51F244A6B7300214E88 /* TranscribeEndView.swift */,
			);
			path = transcription;
			sourceTree = "<group>";
		};
		AEF3D60F242584C9005C77CE = {
			isa = PBXGroup;
			children = (
				AEF3D61A242584C9005C77CE /* Nexd */,
				AEF3D631242584CC005C77CE /* NexdTests */,
				AEF3D619242584C9005C77CE /* Products */,
				B7FBC32D851855F768588401 /* Pods */,
				ADC00A67FE5460AED668653F /* Frameworks */,
			);
			sourceTree = "<group>";
		};
		AEF3D619242584C9005C77CE /* Products */ = {
			isa = PBXGroup;
			children = (
				AEF3D618242584C9005C77CE /* nexd.app */,
				AEF3D62E242584CC005C77CE /* nexdTests.xctest */,
			);
			name = Products;
			sourceTree = "<group>";
		};
		AEF3D61A242584C9005C77CE /* Nexd */ = {
			isa = PBXGroup;
			children = (
				AED2A958243F99880082316F /* di */,
				AEF3D66D24266460005C77CE /* utilities */,
				AEF3D66A24263A7F005C77CE /* services */,
				AEF3D64A24259ACE005C77CE /* ui */,
				AEF3D61B242584C9005C77CE /* AppDelegate.swift */,
				AEF3D666242630C3005C77CE /* AppConfiguration.swift */,
				AEF3D61D242584C9005C77CE /* SceneDelegate.swift */,
				AEF3D63E24258FDA005C77CE /* R.generated.swift */,
				AEF3D64D24259AE5005C77CE /* Resources */,
				AEF3D624242584CC005C77CE /* Assets.xcassets */,
				AEC5877E243D224800B6876C /* Colors.xcassets */,
				AEF3D626242584CC005C77CE /* LaunchScreen.storyboard */,
				AEF3D629242584CC005C77CE /* Info.plist */,
			);
			path = Nexd;
			sourceTree = "<group>";
		};
		AEF3D631242584CC005C77CE /* NexdTests */ = {
			isa = PBXGroup;
			children = (
				AEF3D632242584CC005C77CE /* NexdTests.swift */,
				AEF3D634242584CC005C77CE /* Info.plist */,
			);
			path = NexdTests;
			sourceTree = "<group>";
		};
		AEF3D64A24259ACE005C77CE /* ui */ = {
			isa = PBXGroup;
			children = (
				AED2A955243F81F20082316F /* mvvm */,
				AEF3D65B242604C6005C77CE /* components */,
				AEF3D67C2426CC2D005C77CE /* onboarding */,
				AEB6AC65244129B900823E7C /* seeker */,
				AEB6AC7024423D9500823E7C /* helper */,
				AEF3D65024259B2D005C77CE /* MainPageViewController.swift */,
				AE52A2752437B76500A1166F /* UserProfileViewController.swift */,
				AED8818E24352373006065D2 /* Style.swift */,
			);
			path = ui;
			sourceTree = "<group>";
		};
		AEF3D64D24259AE5005C77CE /* Resources */ = {
			isa = PBXGroup;
			children = (
				E6B8B248243BDA8800E50972 /* proxima-nova-soft-bold-webfont.ttf */,
				E6B8B247243BDA8800E50972 /* proxima-nova-soft-medium-webfont.ttf */,
				E6B8B249243BDA8900E50972 /* proxima-nova-soft-regular-webfont.ttf */,
				E6B8B24A243BDA8900E50972 /* proxima-nova-soft-semibold-webfont.ttf */,
				AE2A9A932426FA50006066B4 /* Localizable.strings */,
			);
			path = Resources;
			sourceTree = "<group>";
		};
		AEF3D65B242604C6005C77CE /* components */ = {
			isa = PBXGroup;
			children = (
				AE13590E2444A22E0015D7AB /* swiftui */,
				AEB6AC732442498700823E7C /* buttons */,
				AEB6AC622440FEB600823E7C /* cells */,
				AEF3D65E242604DE005C77CE /* DataSource.swift */,
				AEF3D66024260500005C77CE /* DefaultDataSource.swift */,
				AEF3D66424261131005C77CE /* SectionHeaderView.swift */,
				AEA2010E24362C0500BD6C1B /* CustomView.swift */,
				AE510B892443C2FA0068DF60 /* CustomControl.swift */,
				AEB6AC6A24413AA500823E7C /* PickerView.swift */,
				AEB6AC6C24413BA600823E7C /* IntegerPickerView.swift */,
				AE510B872443ABF30068DF60 /* ShoppingListItemView.swift */,
			);
			path = components;
			sourceTree = "<group>";
		};
		AEF3D66A24263A7F005C77CE /* services */ = {
			isa = PBXGroup;
			children = (
				AEF3D66B24263AA0005C77CE /* AuthenticationService.swift */,
				AEF3D6762426AD56005C77CE /* ArticlesService.swift */,
				AE2A9A8A2426DF09006066B4 /* HelpRequestsService.swift */,
				AE26902124278BFC009A8892 /* UserService.swift */,
				AE2690232427A61D009A8892 /* HelpListsService.swift */,
				AECE9D232438D84400EDCE0D /* AudioPlayer.swift */,
				AE4EA654243A665900B8E9D6 /* PhoneService.swift */,
			);
			path = services;
			sourceTree = "<group>";
		};
		AEF3D66D24266460005C77CE /* utilities */ = {
			isa = PBXGroup;
			children = (
				AE1359162444E9780015D7AB /* rx */,
				AE1359132444E8220015D7AB /* netwokring */,
				AE13590B244470BA0015D7AB /* swiftui */,
				AEF3D66E24266472005C77CE /* UIViewController+Nexd.swift */,
				AEF3D6702426785C005C77CE /* Storage.swift */,
				AE2A9A862426D1D5006066B4 /* UIButton+Nexd.swift */,
				AE2A9A9524275E14006066B4 /* UITextField+Nexd.swift */,
				AE2690252427B3BA009A8892 /* UILabel+Nexd.swift */,
				AE1E0104243148E90006A490 /* KeyboardObserver.swift */,
				AED8818824351129006065D2 /* UIImageView+Nexd.swift */,
				AED8818A24351174006065D2 /* String+Nexd.swift */,
				AED8818C24351E85006065D2 /* KeyboardDismisser.swift */,
				AED2A96424404AB80082316F /* NSAttribuedString+Nexd.swift */,
				AEB6AC68244139D500823E7C /* UIStackView+Nexd.swift */,
				AEB6AC782443044400823E7C /* UICollectionView+Nexd.swift */,
				AEB6AC7C2443362300823E7C /* Date+Nexd.swift */,
				AE50F06B2448DCFA00601DDF /* Publisher+Debugging.swift */,
				AE50F06F244902D700601DDF /* UIApplication+EndEditing.swift */,
				AEBB8A08244A7C3F00E657DF /* HelpRequest+UI.swift */,
				AED50B8F244BA69F00A51677 /* ValidationRuleSet+Nexd.swift */,
			);
			path = utilities;
			sourceTree = "<group>";
		};
		AEF3D67C2426CC2D005C77CE /* onboarding */ = {
			isa = PBXGroup;
			children = (
				AED50B91244BBD3B00A51677 /* StartAuthenticationFlowView.swift */,
				E6914F54243FCAA400F0ACD2 /* LoginView.swift */,
				AEF3D66824263149005C77CE /* RegistrationView.swift */,
				AE2A9A9924278989006066B4 /* UserDetailsViewController.swift */,
			);
			path = onboarding;
			sourceTree = "<group>";
		};
		B7FBC32D851855F768588401 /* Pods */ = {
			isa = PBXGroup;
			children = (
				170FD32DBA6DD6B32509C3C9 /* Pods-Nexd.debug.xcconfig */,
				F5C6625133D212FE18A22CCD /* Pods-Nexd.release.xcconfig */,
				BB8BAEE1DEF583ED1E6599F4 /* Pods-NexdTests.debug.xcconfig */,
				DBE17CC4C8B2180DB2DCAAA2 /* Pods-NexdTests.release.xcconfig */,
				885A0DBDF401BD95331F807C /* Pods-nexd.debug.xcconfig */,
				BA9217C4FA791A8A83068198 /* Pods-nexd.release.xcconfig */,
				F1E7BF07394EEF7D7982A0F9 /* Pods-nexdTests.debug.xcconfig */,
				486AAE296D909DFC2821DE4E /* Pods-nexdTests.release.xcconfig */,
			);
			path = Pods;
			sourceTree = "<group>";
		};
/* End PBXGroup section */

/* Begin PBXNativeTarget section */
		AEF3D617242584C9005C77CE /* nexd */ = {
			isa = PBXNativeTarget;
			buildConfigurationList = AEF3D637242584CC005C77CE /* Build configuration list for PBXNativeTarget "nexd" */;
			buildPhases = (
				CC0A0A57E0CD23A5F05F134C /* [CP] Check Pods Manifest.lock */,
				AEF3D63D24258F61005C77CE /* R.swift */,
				AE56322D242E942900948569 /* Swiftlint */,
				AEF3D614242584C9005C77CE /* Sources */,
				AEF3D615242584C9005C77CE /* Frameworks */,
				AEF3D616242584C9005C77CE /* Resources */,
				7F5AF015A4002CFDE0BCCA9C /* [CP] Embed Pods Frameworks */,
			);
			buildRules = (
			);
			dependencies = (
			);
			name = nexd;
			productName = NearBuy;
			productReference = AEF3D618242584C9005C77CE /* nexd.app */;
			productType = "com.apple.product-type.application";
		};
		AEF3D62D242584CC005C77CE /* nexdTests */ = {
			isa = PBXNativeTarget;
			buildConfigurationList = AEF3D63A242584CC005C77CE /* Build configuration list for PBXNativeTarget "nexdTests" */;
			buildPhases = (
				98DCC7DF67737DC9E09A7DDD /* [CP] Check Pods Manifest.lock */,
				AEF3D62A242584CC005C77CE /* Sources */,
				AEF3D62B242584CC005C77CE /* Frameworks */,
				AEF3D62C242584CC005C77CE /* Resources */,
			);
			buildRules = (
			);
			dependencies = (
				AEF3D630242584CC005C77CE /* PBXTargetDependency */,
			);
			name = nexdTests;
			productName = NearBuyTests;
			productReference = AEF3D62E242584CC005C77CE /* nexdTests.xctest */;
			productType = "com.apple.product-type.bundle.unit-test";
		};
/* End PBXNativeTarget section */

/* Begin PBXProject section */
		AEF3D610242584C9005C77CE /* Project object */ = {
			isa = PBXProject;
			attributes = {
				LastSwiftUpdateCheck = 1130;
				LastUpgradeCheck = 1130;
				ORGANIZATIONNAME = "Tobias Schröpf";
				TargetAttributes = {
					AEF3D617242584C9005C77CE = {
						CreatedOnToolsVersion = 11.3.1;
					};
					AEF3D62D242584CC005C77CE = {
						CreatedOnToolsVersion = 11.3.1;
						TestTargetID = AEF3D617242584C9005C77CE;
					};
				};
			};
			buildConfigurationList = AEF3D613242584C9005C77CE /* Build configuration list for PBXProject "nexd" */;
			compatibilityVersion = "Xcode 9.3";
			developmentRegion = en;
			hasScannedForEncodings = 0;
			knownRegions = (
				en,
				Base,
				de,
			);
			mainGroup = AEF3D60F242584C9005C77CE;
			productRefGroup = AEF3D619242584C9005C77CE /* Products */;
			projectDirPath = "";
			projectRoot = "";
			targets = (
				AEF3D617242584C9005C77CE /* nexd */,
				AEF3D62D242584CC005C77CE /* nexdTests */,
			);
		};
/* End PBXProject section */

/* Begin PBXResourcesBuildPhase section */
		AEF3D616242584C9005C77CE /* Resources */ = {
			isa = PBXResourcesBuildPhase;
			buildActionMask = 2147483647;
			files = (
				E6B8B24B243BDA8900E50972 /* proxima-nova-soft-medium-webfont.ttf in Resources */,
				AEF3D628242584CC005C77CE /* LaunchScreen.storyboard in Resources */,
				E6B8B24C243BDA8900E50972 /* proxima-nova-soft-bold-webfont.ttf in Resources */,
				AE2A9A912426FA50006066B4 /* Localizable.strings in Resources */,
				E6B8B24D243BDA8900E50972 /* proxima-nova-soft-regular-webfont.ttf in Resources */,
				AEC5877F243D224800B6876C /* Colors.xcassets in Resources */,
				AEF3D625242584CC005C77CE /* Assets.xcassets in Resources */,
				E6B8B24E243BDA8900E50972 /* proxima-nova-soft-semibold-webfont.ttf in Resources */,
			);
			runOnlyForDeploymentPostprocessing = 0;
		};
		AEF3D62C242584CC005C77CE /* Resources */ = {
			isa = PBXResourcesBuildPhase;
			buildActionMask = 2147483647;
			files = (
			);
			runOnlyForDeploymentPostprocessing = 0;
		};
/* End PBXResourcesBuildPhase section */

/* Begin PBXShellScriptBuildPhase section */
		7F5AF015A4002CFDE0BCCA9C /* [CP] Embed Pods Frameworks */ = {
			isa = PBXShellScriptBuildPhase;
			buildActionMask = 2147483647;
			files = (
			);
			inputFileListPaths = (
				"${PODS_ROOT}/Target Support Files/Pods-nexd/Pods-nexd-frameworks-${CONFIGURATION}-input-files.xcfilelist",
			);
			name = "[CP] Embed Pods Frameworks";
			outputFileListPaths = (
				"${PODS_ROOT}/Target Support Files/Pods-nexd/Pods-nexd-frameworks-${CONFIGURATION}-output-files.xcfilelist",
			);
			runOnlyForDeploymentPostprocessing = 0;
			shellPath = /bin/sh;
			shellScript = "\"${PODS_ROOT}/Target Support Files/Pods-nexd/Pods-nexd-frameworks.sh\"\n";
			showEnvVarsInLog = 0;
		};
		98DCC7DF67737DC9E09A7DDD /* [CP] Check Pods Manifest.lock */ = {
			isa = PBXShellScriptBuildPhase;
			buildActionMask = 2147483647;
			files = (
			);
			inputFileListPaths = (
			);
			inputPaths = (
				"${PODS_PODFILE_DIR_PATH}/Podfile.lock",
				"${PODS_ROOT}/Manifest.lock",
			);
			name = "[CP] Check Pods Manifest.lock";
			outputFileListPaths = (
			);
			outputPaths = (
				"$(DERIVED_FILE_DIR)/Pods-nexdTests-checkManifestLockResult.txt",
			);
			runOnlyForDeploymentPostprocessing = 0;
			shellPath = /bin/sh;
			shellScript = "diff \"${PODS_PODFILE_DIR_PATH}/Podfile.lock\" \"${PODS_ROOT}/Manifest.lock\" > /dev/null\nif [ $? != 0 ] ; then\n    # print error to STDERR\n    echo \"error: The sandbox is not in sync with the Podfile.lock. Run 'pod install' or update your CocoaPods installation.\" >&2\n    exit 1\nfi\n# This output is used by Xcode 'outputs' to avoid re-running this script phase.\necho \"SUCCESS\" > \"${SCRIPT_OUTPUT_FILE_0}\"\n";
			showEnvVarsInLog = 0;
		};
		AE56322D242E942900948569 /* Swiftlint */ = {
			isa = PBXShellScriptBuildPhase;
			buildActionMask = 2147483647;
			files = (
			);
			inputFileListPaths = (
			);
			inputPaths = (
			);
			name = Swiftlint;
			outputFileListPaths = (
			);
			outputPaths = (
			);
			runOnlyForDeploymentPostprocessing = 0;
			shellPath = /bin/sh;
			shellScript = "${PODS_ROOT}/SwiftLint/swiftlint\n";
		};
		AEF3D63D24258F61005C77CE /* R.swift */ = {
			isa = PBXShellScriptBuildPhase;
			buildActionMask = 2147483647;
			files = (
			);
			inputFileListPaths = (
			);
			inputPaths = (
				"$TEMP_DIR/rswift-lastrun",
			);
			name = R.swift;
			outputFileListPaths = (
			);
			outputPaths = (
				$SRCROOT/R.generated.swift,
			);
			runOnlyForDeploymentPostprocessing = 0;
			shellPath = /bin/sh;
			shellScript = "\"$PODS_ROOT/R.swift/rswift\" generate \"$SRCROOT/R.generated.swift\"\n";
		};
		CC0A0A57E0CD23A5F05F134C /* [CP] Check Pods Manifest.lock */ = {
			isa = PBXShellScriptBuildPhase;
			buildActionMask = 2147483647;
			files = (
			);
			inputFileListPaths = (
			);
			inputPaths = (
				"${PODS_PODFILE_DIR_PATH}/Podfile.lock",
				"${PODS_ROOT}/Manifest.lock",
			);
			name = "[CP] Check Pods Manifest.lock";
			outputFileListPaths = (
			);
			outputPaths = (
				"$(DERIVED_FILE_DIR)/Pods-nexd-checkManifestLockResult.txt",
			);
			runOnlyForDeploymentPostprocessing = 0;
			shellPath = /bin/sh;
			shellScript = "diff \"${PODS_PODFILE_DIR_PATH}/Podfile.lock\" \"${PODS_ROOT}/Manifest.lock\" > /dev/null\nif [ $? != 0 ] ; then\n    # print error to STDERR\n    echo \"error: The sandbox is not in sync with the Podfile.lock. Run 'pod install' or update your CocoaPods installation.\" >&2\n    exit 1\nfi\n# This output is used by Xcode 'outputs' to avoid re-running this script phase.\necho \"SUCCESS\" > \"${SCRIPT_OUTPUT_FILE_0}\"\n";
			showEnvVarsInLog = 0;
		};
/* End PBXShellScriptBuildPhase section */

/* Begin PBXSourcesBuildPhase section */
		AEF3D614242584C9005C77CE /* Sources */ = {
			isa = PBXSourcesBuildPhase;
			buildActionMask = 2147483647;
			files = (
				AED8818F24352373006065D2 /* Style.swift in Sources */,
				AE50F06C2448DCFA00601DDF /* Publisher+Debugging.swift in Sources */,
				AEF3D66124260500005C77CE /* DefaultDataSource.swift in Sources */,
				AE13591A2444EBBC0015D7AB /* ErrorResponse+Nexd.swift in Sources */,
				AECE9D242438D84400EDCE0D /* AudioPlayer.swift in Sources */,
				AED5E5282445F15200A3DFA1 /* TranscribeInfoView.swift in Sources */,
				AE2AF7842457622F00A1331F /* FilterButton.swift in Sources */,
				AE2690262427B3BA009A8892 /* UILabel+Nexd.swift in Sources */,
				AE7174CE242BE16C00EBF302 /* NexdApiClient+Setup.swift in Sources */,
				AE1359122444E5460015D7AB /* HTTPStatusCode.swift in Sources */,
				AE1359182444E98E0015D7AB /* Single+Nexd.swift in Sources */,
				AED2A95E243F9A210082316F /* ServicesModule.swift in Sources */,
				AE2690282427BC46009A8892 /* ShoppingListViewController.swift in Sources */,
				AEF3D667242630C3005C77CE /* AppConfiguration.swift in Sources */,
				AEF3D6752426912F005C77CE /* SeekerItemSelectionViewController.swift in Sources */,
				AEB6AC792443044400823E7C /* UICollectionView+Nexd.swift in Sources */,
				AED8818B24351174006065D2 /* String+Nexd.swift in Sources */,
				AE50F06A2448CB1C00601DDF /* NexdUI+Player.swift in Sources */,
				AEF3D66924263149005C77CE /* RegistrationView.swift in Sources */,
				AEF3D65D242604C6005C77CE /* DefaultCell.swift in Sources */,
				AEB6AC7B24432E7F00823E7C /* OpenReqeustsCell.swift in Sources */,
				AED2A96B24406C0C0082316F /* MenuButton.swift in Sources */,
				AE2A9A9A24278989006066B4 /* UserDetailsViewController.swift in Sources */,
				AED2A95A243F99980082316F /* AppComponent.swift in Sources */,
				AE26902A2427E985009A8892 /* CheckoutViewController.swift in Sources */,
				AED2A9732440D7170082316F /* ConfirmButton.swift in Sources */,
				AE1E0105243148E90006A490 /* KeyboardObserver.swift in Sources */,
				AE510B8A2443C2FA0068DF60 /* CustomControl.swift in Sources */,
				AED2A96524404AB80082316F /* NSAttribuedString+Nexd.swift in Sources */,
				AEF3D61C242584C9005C77CE /* AppDelegate.swift in Sources */,
				AED2A9712440D6E70082316F /* CancelButton.swift in Sources */,
				AED2A969244058800082316F /* PhoneCallViewController.swift in Sources */,
				AE8352ED24562D1500531228 /* ModalScreen.swift in Sources */,
				AED2A96724404EF10082316F /* ShoppingListOptionViewController.swift in Sources */,
				AEF3D66F24266472005C77CE /* UIViewController+Nexd.swift in Sources */,
				AE2690242427A61D009A8892 /* HelpListsService.swift in Sources */,
				AEF3D6792426B970005C77CE /* CheckableCell.swift in Sources */,
				AED2A957243F820F0082316F /* Navigator.swift in Sources */,
				AEB6AC642440FF0600823E7C /* ArticleSelectionCell.swift in Sources */,
				AE50F070244902D700601DDF /* UIApplication+EndEditing.swift in Sources */,
				AEF3D65F242604DE005C77CE /* DataSource.swift in Sources */,
				AE2A9A8B2426DF09006066B4 /* HelpRequestsService.swift in Sources */,
				AEF3D61E242584C9005C77CE /* SceneDelegate.swift in Sources */,
				AEB6AC67244129EE00823E7C /* RequestConfirmationView.swift in Sources */,
				E6914F55243FCAA400F0ACD2 /* LoginView.swift in Sources */,
				AE8352EB2455CF6E00531228 /* RequestDetailsView.swift in Sources */,
				AE26902224278BFC009A8892 /* UserService.swift in Sources */,
				AE15C14324575AD4006AEFCB /* HelperRequestFilterSettingsView.swift in Sources */,
				AED8818924351129006065D2 /* UIImageView+Nexd.swift in Sources */,
				AE510B882443ABF30068DF60 /* ShoppingListItemView.swift in Sources */,
				AED5E52E2446648F00A3DFA1 /* NexdUI+KeyboardAdaptive.swift in Sources */,
				AED2A954243F78030082316F /* ViewController.swift in Sources */,
				AE50F06E2448F76D00601DDF /* NexdUI+NumberInputView.swift in Sources */,
				AE50F0682448C2CB00601DDF /* TranscribeListView.swift in Sources */,
				AEF3D66524261131005C77CE /* SectionHeaderView.swift in Sources */,
				AE7CD520244A6B7300214E88 /* TranscribeEndView.swift in Sources */,
				AED8818D24351E85006065D2 /* KeyboardDismisser.swift in Sources */,
				AED2A96D24406C460082316F /* BackButton.swift in Sources */,
				AEB6AC75244249B300823E7C /* SubMenuButton.swift in Sources */,
				AED5E52C2446236500A3DFA1 /* NexdUI+Card.swift in Sources */,
				AEF3D66C24263AA0005C77CE /* AuthenticationService.swift in Sources */,
				AEF3D6532425A138005C77CE /* HelperRequestOverviewViewController.swift in Sources */,
				AEB6AC6B24413AA500823E7C /* PickerView.swift in Sources */,
				AE52A2782437D30800A1166F /* Completable+From.swift in Sources */,
				AE9775B52445E1A200765324 /* PreviewMocks.swift in Sources */,
				AED2A95C243F9A050082316F /* CoreAppModule.swift in Sources */,
				AED50B92244BBD3B00A51677 /* StartAuthenticationFlowView.swift in Sources */,
				AED5E52A2446232D00A3DFA1 /* NexdUI+TextField.swift in Sources */,
				AEA2010F24362C0500BD6C1B /* CustomView.swift in Sources */,
				AE510B8C2443C4550068DF60 /* CheckoutListView.swift in Sources */,
				AE52A2762437B76500A1166F /* UserProfileViewController.swift in Sources */,
				AEF3D65124259B2D005C77CE /* MainPageViewController.swift in Sources */,
				AEB6AC7224423DC900823E7C /* HelperOptionsViewController.swift in Sources */,
				AEB6AC69244139D500823E7C /* UIStackView+Nexd.swift in Sources */,
				AE2A9A9624275E14006066B4 /* UITextField+Nexd.swift in Sources */,
				AEF3D6772426AD56005C77CE /* ArticlesService.swift in Sources */,
				AEB6AC7D2443362300823E7C /* Date+Nexd.swift in Sources */,
				AEF3D63F24258FDA005C77CE /* R.generated.swift in Sources */,
				AEB6AC6D24413BA600823E7C /* IntegerPickerView.swift in Sources */,
				AEF3D6712426785C005C77CE /* Storage.swift in Sources */,
				AED50B90244BA69F00A51677 /* ValidationRuleSet+Nexd.swift in Sources */,
				AE50F0722449048B00601DDF /* NexdUI+DismissingKeyboard.swift in Sources */,
				AEB6AC772442FB6300823E7C /* AcceptedRequestCell.swift in Sources */,
				AE8E235A2462A7CB00AC261D /* Dialog.swift in Sources */,
				AED2A960243F9A440082316F /* RootWindowModule.swift in Sources */,
				AEBB8A09244A7C3F00E657DF /* HelpRequest+UI.swift in Sources */,
				AE2A9A872426D1D5006066B4 /* UIButton+Nexd.swift in Sources */,
				AE1359102444A2410015D7AB /* NexdUI.swift in Sources */,
				AE510B8E24445D1F0068DF60 /* DeliveryConfirmationView.swift in Sources */,
				AE4EA655243A665900B8E9D6 /* PhoneService.swift in Sources */,
				AE510B9024445EC50068DF60 /* R.swift+SwiftUI.swift in Sources */,
			);
			runOnlyForDeploymentPostprocessing = 0;
		};
		AEF3D62A242584CC005C77CE /* Sources */ = {
			isa = PBXSourcesBuildPhase;
			buildActionMask = 2147483647;
			files = (
				AEF3D633242584CC005C77CE /* NexdTests.swift in Sources */,
			);
			runOnlyForDeploymentPostprocessing = 0;
		};
/* End PBXSourcesBuildPhase section */

/* Begin PBXTargetDependency section */
		AEF3D630242584CC005C77CE /* PBXTargetDependency */ = {
			isa = PBXTargetDependency;
			target = AEF3D617242584C9005C77CE /* nexd */;
			targetProxy = AEF3D62F242584CC005C77CE /* PBXContainerItemProxy */;
		};
/* End PBXTargetDependency section */

/* Begin PBXVariantGroup section */
		AE2A9A932426FA50006066B4 /* Localizable.strings */ = {
			isa = PBXVariantGroup;
			children = (
				AE2A9A922426FA50006066B4 /* en */,
				AE2A9A942426FA67006066B4 /* de */,
			);
			name = Localizable.strings;
			sourceTree = "<group>";
		};
		AEF3D626242584CC005C77CE /* LaunchScreen.storyboard */ = {
			isa = PBXVariantGroup;
			children = (
				AEF3D627242584CC005C77CE /* Base */,
			);
			name = LaunchScreen.storyboard;
			sourceTree = "<group>";
		};
/* End PBXVariantGroup section */

/* Begin XCBuildConfiguration section */
		AEF3D635242584CC005C77CE /* Debug */ = {
			isa = XCBuildConfiguration;
			buildSettings = {
				ALWAYS_SEARCH_USER_PATHS = NO;
				CLANG_ANALYZER_LOCALIZABILITY_NONLOCALIZED = YES;
				CLANG_ANALYZER_NONNULL = YES;
				CLANG_ANALYZER_NUMBER_OBJECT_CONVERSION = YES_AGGRESSIVE;
				CLANG_CXX_LANGUAGE_STANDARD = "gnu++14";
				CLANG_CXX_LIBRARY = "libc++";
				CLANG_ENABLE_MODULES = YES;
				CLANG_ENABLE_OBJC_ARC = YES;
				CLANG_ENABLE_OBJC_WEAK = YES;
				CLANG_WARN_BLOCK_CAPTURE_AUTORELEASING = YES;
				CLANG_WARN_BOOL_CONVERSION = YES;
				CLANG_WARN_COMMA = YES;
				CLANG_WARN_CONSTANT_CONVERSION = YES;
				CLANG_WARN_DEPRECATED_OBJC_IMPLEMENTATIONS = YES;
				CLANG_WARN_DIRECT_OBJC_ISA_USAGE = YES_ERROR;
				CLANG_WARN_DOCUMENTATION_COMMENTS = YES;
				CLANG_WARN_EMPTY_BODY = YES;
				CLANG_WARN_ENUM_CONVERSION = YES;
				CLANG_WARN_INFINITE_RECURSION = YES;
				CLANG_WARN_INT_CONVERSION = YES;
				CLANG_WARN_NON_LITERAL_NULL_CONVERSION = YES;
				CLANG_WARN_OBJC_IMPLICIT_RETAIN_SELF = YES;
				CLANG_WARN_OBJC_LITERAL_CONVERSION = YES;
				CLANG_WARN_OBJC_ROOT_CLASS = YES_ERROR;
				CLANG_WARN_RANGE_LOOP_ANALYSIS = YES;
				CLANG_WARN_STRICT_PROTOTYPES = YES;
				CLANG_WARN_SUSPICIOUS_MOVE = YES;
				CLANG_WARN_UNGUARDED_AVAILABILITY = YES_AGGRESSIVE;
				CLANG_WARN_UNREACHABLE_CODE = YES;
				CLANG_WARN__DUPLICATE_METHOD_MATCH = YES;
				COPY_PHASE_STRIP = NO;
				CURRENT_PROJECT_VERSION = 3;
				DEBUG_INFORMATION_FORMAT = dwarf;
				ENABLE_STRICT_OBJC_MSGSEND = YES;
				ENABLE_TESTABILITY = YES;
				GCC_C_LANGUAGE_STANDARD = gnu11;
				GCC_DYNAMIC_NO_PIC = NO;
				GCC_NO_COMMON_BLOCKS = YES;
				GCC_OPTIMIZATION_LEVEL = 0;
				GCC_PREPROCESSOR_DEFINITIONS = (
					"DEBUG=1",
					"$(inherited)",
				);
				GCC_WARN_64_TO_32_BIT_CONVERSION = YES;
				GCC_WARN_ABOUT_RETURN_TYPE = YES_ERROR;
				GCC_WARN_UNDECLARED_SELECTOR = YES;
				GCC_WARN_UNINITIALIZED_AUTOS = YES_AGGRESSIVE;
				GCC_WARN_UNUSED_FUNCTION = YES;
				GCC_WARN_UNUSED_VARIABLE = YES;
				IPHONEOS_DEPLOYMENT_TARGET = 13.2;
				MTL_ENABLE_DEBUG_INFO = INCLUDE_SOURCE;
				MTL_FAST_MATH = YES;
				ONLY_ACTIVE_ARCH = YES;
				SDKROOT = iphoneos;
				SWIFT_ACTIVE_COMPILATION_CONDITIONS = DEBUG;
				SWIFT_OPTIMIZATION_LEVEL = "-Onone";
				SWIFT_TREAT_WARNINGS_AS_ERRORS = YES;
				VERSIONING_SYSTEM = "apple-generic";
			};
			name = Debug;
		};
		AEF3D636242584CC005C77CE /* Release */ = {
			isa = XCBuildConfiguration;
			buildSettings = {
				ALWAYS_SEARCH_USER_PATHS = NO;
				CLANG_ANALYZER_LOCALIZABILITY_NONLOCALIZED = YES;
				CLANG_ANALYZER_NONNULL = YES;
				CLANG_ANALYZER_NUMBER_OBJECT_CONVERSION = YES_AGGRESSIVE;
				CLANG_CXX_LANGUAGE_STANDARD = "gnu++14";
				CLANG_CXX_LIBRARY = "libc++";
				CLANG_ENABLE_MODULES = YES;
				CLANG_ENABLE_OBJC_ARC = YES;
				CLANG_ENABLE_OBJC_WEAK = YES;
				CLANG_WARN_BLOCK_CAPTURE_AUTORELEASING = YES;
				CLANG_WARN_BOOL_CONVERSION = YES;
				CLANG_WARN_COMMA = YES;
				CLANG_WARN_CONSTANT_CONVERSION = YES;
				CLANG_WARN_DEPRECATED_OBJC_IMPLEMENTATIONS = YES;
				CLANG_WARN_DIRECT_OBJC_ISA_USAGE = YES_ERROR;
				CLANG_WARN_DOCUMENTATION_COMMENTS = YES;
				CLANG_WARN_EMPTY_BODY = YES;
				CLANG_WARN_ENUM_CONVERSION = YES;
				CLANG_WARN_INFINITE_RECURSION = YES;
				CLANG_WARN_INT_CONVERSION = YES;
				CLANG_WARN_NON_LITERAL_NULL_CONVERSION = YES;
				CLANG_WARN_OBJC_IMPLICIT_RETAIN_SELF = YES;
				CLANG_WARN_OBJC_LITERAL_CONVERSION = YES;
				CLANG_WARN_OBJC_ROOT_CLASS = YES_ERROR;
				CLANG_WARN_RANGE_LOOP_ANALYSIS = YES;
				CLANG_WARN_STRICT_PROTOTYPES = YES;
				CLANG_WARN_SUSPICIOUS_MOVE = YES;
				CLANG_WARN_UNGUARDED_AVAILABILITY = YES_AGGRESSIVE;
				CLANG_WARN_UNREACHABLE_CODE = YES;
				CLANG_WARN__DUPLICATE_METHOD_MATCH = YES;
				COPY_PHASE_STRIP = NO;
				CURRENT_PROJECT_VERSION = 3;
				DEBUG_INFORMATION_FORMAT = "dwarf-with-dsym";
				ENABLE_NS_ASSERTIONS = NO;
				ENABLE_STRICT_OBJC_MSGSEND = YES;
				GCC_C_LANGUAGE_STANDARD = gnu11;
				GCC_NO_COMMON_BLOCKS = YES;
				GCC_WARN_64_TO_32_BIT_CONVERSION = YES;
				GCC_WARN_ABOUT_RETURN_TYPE = YES_ERROR;
				GCC_WARN_UNDECLARED_SELECTOR = YES;
				GCC_WARN_UNINITIALIZED_AUTOS = YES_AGGRESSIVE;
				GCC_WARN_UNUSED_FUNCTION = YES;
				GCC_WARN_UNUSED_VARIABLE = YES;
				IPHONEOS_DEPLOYMENT_TARGET = 13.2;
				MTL_ENABLE_DEBUG_INFO = NO;
				MTL_FAST_MATH = YES;
				SDKROOT = iphoneos;
				SWIFT_COMPILATION_MODE = wholemodule;
				SWIFT_OPTIMIZATION_LEVEL = "-O";
				SWIFT_TREAT_WARNINGS_AS_ERRORS = YES;
				VALIDATE_PRODUCT = YES;
				VERSIONING_SYSTEM = "apple-generic";
			};
			name = Release;
		};
		AEF3D638242584CC005C77CE /* Debug */ = {
			isa = XCBuildConfiguration;
			baseConfigurationReference = 885A0DBDF401BD95331F807C /* Pods-nexd.debug.xcconfig */;
			buildSettings = {
				ASSETCATALOG_COMPILER_APPICON_NAME = AppIcon;
				CODE_SIGN_IDENTITY = "iPhone Developer";
				CODE_SIGN_STYLE = Manual;
				DEVELOPMENT_TEAM = PXLNW4QQT3;
				INFOPLIST_FILE = Nexd/Info.plist;
				LD_RUNPATH_SEARCH_PATHS = (
					"$(inherited)",
					"@executable_path/Frameworks",
				);
				MARKETING_VERSION = 0.1;
				PRODUCT_BUNDLE_IDENTIFIER = app.nexd.apple;
				PRODUCT_NAME = nexd;
				PROVISIONING_PROFILE_SPECIFIER = "match Development app.nexd.apple";
				SWIFT_VERSION = 5.0;
				TARGETED_DEVICE_FAMILY = "1,2";
			};
			name = Debug;
		};
		AEF3D639242584CC005C77CE /* Release */ = {
			isa = XCBuildConfiguration;
			baseConfigurationReference = BA9217C4FA791A8A83068198 /* Pods-nexd.release.xcconfig */;
			buildSettings = {
				ASSETCATALOG_COMPILER_APPICON_NAME = AppIcon;
				CODE_SIGN_IDENTITY = "iPhone Developer";
				CODE_SIGN_STYLE = Manual;
				DEVELOPMENT_TEAM = PXLNW4QQT3;
				INFOPLIST_FILE = Nexd/Info.plist;
				LD_RUNPATH_SEARCH_PATHS = (
					"$(inherited)",
					"@executable_path/Frameworks",
				);
				MARKETING_VERSION = 0.1;
				PRODUCT_BUNDLE_IDENTIFIER = app.nexd.apple;
				PRODUCT_NAME = nexd;
				PROVISIONING_PROFILE_SPECIFIER = "match Development app.nexd.apple";
				SWIFT_VERSION = 5.0;
				TARGETED_DEVICE_FAMILY = "1,2";
			};
			name = Release;
		};
		AEF3D63B242584CC005C77CE /* Debug */ = {
			isa = XCBuildConfiguration;
			baseConfigurationReference = F1E7BF07394EEF7D7982A0F9 /* Pods-nexdTests.debug.xcconfig */;
			buildSettings = {
				ALWAYS_EMBED_SWIFT_STANDARD_LIBRARIES = YES;
				BUNDLE_LOADER = "$(TEST_HOST)";
				CODE_SIGN_STYLE = Automatic;
				DEVELOPMENT_TEAM = PXLNW4QQT3;
				IPHONEOS_DEPLOYMENT_TARGET = 13.2;
				LD_RUNPATH_SEARCH_PATHS = (
					"$(inherited)",
					"@executable_path/Frameworks",
					"@loader_path/Frameworks",
				);
				PRODUCT_BUNDLE_IDENTIFIER = org.wirvsvirushackathon.NexdTests;
				PRODUCT_NAME = "$(TARGET_NAME)";
				SWIFT_VERSION = 5.0;
				TARGETED_DEVICE_FAMILY = "1,2";
				TEST_HOST = "$(BUILT_PRODUCTS_DIR)/nexd.app/nexd";
			};
			name = Debug;
		};
		AEF3D63C242584CC005C77CE /* Release */ = {
			isa = XCBuildConfiguration;
			baseConfigurationReference = 486AAE296D909DFC2821DE4E /* Pods-nexdTests.release.xcconfig */;
			buildSettings = {
				ALWAYS_EMBED_SWIFT_STANDARD_LIBRARIES = YES;
				BUNDLE_LOADER = "$(TEST_HOST)";
				CODE_SIGN_STYLE = Automatic;
				DEVELOPMENT_TEAM = PXLNW4QQT3;
				IPHONEOS_DEPLOYMENT_TARGET = 13.2;
				LD_RUNPATH_SEARCH_PATHS = (
					"$(inherited)",
					"@executable_path/Frameworks",
					"@loader_path/Frameworks",
				);
				PRODUCT_BUNDLE_IDENTIFIER = org.wirvsvirushackathon.NexdTests;
				PRODUCT_NAME = "$(TARGET_NAME)";
				SWIFT_VERSION = 5.0;
				TARGETED_DEVICE_FAMILY = "1,2";
				TEST_HOST = "$(BUILT_PRODUCTS_DIR)/nexd.app/nexd";
			};
			name = Release;
		};
/* End XCBuildConfiguration section */

/* Begin XCConfigurationList section */
		AEF3D613242584C9005C77CE /* Build configuration list for PBXProject "nexd" */ = {
			isa = XCConfigurationList;
			buildConfigurations = (
				AEF3D635242584CC005C77CE /* Debug */,
				AEF3D636242584CC005C77CE /* Release */,
			);
			defaultConfigurationIsVisible = 0;
			defaultConfigurationName = Release;
		};
		AEF3D637242584CC005C77CE /* Build configuration list for PBXNativeTarget "nexd" */ = {
			isa = XCConfigurationList;
			buildConfigurations = (
				AEF3D638242584CC005C77CE /* Debug */,
				AEF3D639242584CC005C77CE /* Release */,
			);
			defaultConfigurationIsVisible = 0;
			defaultConfigurationName = Release;
		};
		AEF3D63A242584CC005C77CE /* Build configuration list for PBXNativeTarget "nexdTests" */ = {
			isa = XCConfigurationList;
			buildConfigurations = (
				AEF3D63B242584CC005C77CE /* Debug */,
				AEF3D63C242584CC005C77CE /* Release */,
			);
			defaultConfigurationIsVisible = 0;
			defaultConfigurationName = Release;
		};
/* End XCConfigurationList section */
	};
	rootObject = AEF3D610242584C9005C77CE /* Project object */;
}
