// !$*UTF8*$!
{
	archiveVersion = 1;
	classes = {
	};
	objectVersion = 51;
	objects = {

/* Begin PBXBuildFile section */
		4A2249BB540F14859C4A57A1 /* Pods_NearBuyTests.framework in Frameworks */ = {isa = PBXBuildFile; fileRef = F4AF7DA9DD107FE95BA46206 /* Pods_NearBuyTests.framework */; };
		AE26902224278BFC009A8892 /* UserService.swift in Sources */ = {isa = PBXBuildFile; fileRef = AE26902124278BFC009A8892 /* UserService.swift */; };
		AE2690242427A61D009A8892 /* ShoppingListService.swift in Sources */ = {isa = PBXBuildFile; fileRef = AE2690232427A61D009A8892 /* ShoppingListService.swift */; };
		AE2690262427B3BA009A8892 /* UILabel+NearBuy.swift in Sources */ = {isa = PBXBuildFile; fileRef = AE2690252427B3BA009A8892 /* UILabel+NearBuy.swift */; };
		AE2690282427BC46009A8892 /* ShoppingListViewController.swift in Sources */ = {isa = PBXBuildFile; fileRef = AE2690272427BC46009A8892 /* ShoppingListViewController.swift */; };
		AE26902A2427E985009A8892 /* CheckoutViewController.swift in Sources */ = {isa = PBXBuildFile; fileRef = AE2690292427E984009A8892 /* CheckoutViewController.swift */; };
		AE2A9A872426D1D5006066B4 /* UIButton+NearBuy.swift in Sources */ = {isa = PBXBuildFile; fileRef = AE2A9A862426D1D5006066B4 /* UIButton+NearBuy.swift */; };
		AE2A9A892426D992006066B4 /* UIColor+NearBuy.swift in Sources */ = {isa = PBXBuildFile; fileRef = AE2A9A882426D992006066B4 /* UIColor+NearBuy.swift */; };
		AE2A9A8B2426DF09006066B4 /* RequestService.swift in Sources */ = {isa = PBXBuildFile; fileRef = AE2A9A8A2426DF09006066B4 /* RequestService.swift */; };
		AE2A9A912426FA50006066B4 /* Localizable.strings in Resources */ = {isa = PBXBuildFile; fileRef = AE2A9A932426FA50006066B4 /* Localizable.strings */; };
		AE2A9A9624275E14006066B4 /* UITextField+NearBuy.swift in Sources */ = {isa = PBXBuildFile; fileRef = AE2A9A9524275E14006066B4 /* UITextField+NearBuy.swift */; };
		AE2A9A98242763CF006066B4 /* TextField.swift in Sources */ = {isa = PBXBuildFile; fileRef = AE2A9A97242763CF006066B4 /* TextField.swift */; };
		AE2A9A9A24278989006066B4 /* UserDetailsViewController.swift in Sources */ = {isa = PBXBuildFile; fileRef = AE2A9A9924278989006066B4 /* UserDetailsViewController.swift */; };
		AEF3D61C242584C9005C77CE /* AppDelegate.swift in Sources */ = {isa = PBXBuildFile; fileRef = AEF3D61B242584C9005C77CE /* AppDelegate.swift */; };
		AEF3D61E242584C9005C77CE /* SceneDelegate.swift in Sources */ = {isa = PBXBuildFile; fileRef = AEF3D61D242584C9005C77CE /* SceneDelegate.swift */; };
		AEF3D625242584CC005C77CE /* Assets.xcassets in Resources */ = {isa = PBXBuildFile; fileRef = AEF3D624242584CC005C77CE /* Assets.xcassets */; };
		AEF3D628242584CC005C77CE /* LaunchScreen.storyboard in Resources */ = {isa = PBXBuildFile; fileRef = AEF3D626242584CC005C77CE /* LaunchScreen.storyboard */; };
		AEF3D633242584CC005C77CE /* NearBuyTests.swift in Sources */ = {isa = PBXBuildFile; fileRef = AEF3D632242584CC005C77CE /* NearBuyTests.swift */; };
		AEF3D63F24258FDA005C77CE /* R.generated.swift in Sources */ = {isa = PBXBuildFile; fileRef = AEF3D63E24258FDA005C77CE /* R.generated.swift */; };
		AEF3D64C24259ACE005C77CE /* LoginViewController.swift in Sources */ = {isa = PBXBuildFile; fileRef = AEF3D64B24259ACE005C77CE /* LoginViewController.swift */; };
		AEF3D65124259B2D005C77CE /* SelectRoleViewController.swift in Sources */ = {isa = PBXBuildFile; fileRef = AEF3D65024259B2D005C77CE /* SelectRoleViewController.swift */; };
		AEF3D6532425A138005C77CE /* HelperRequestOverviewViewController.swift in Sources */ = {isa = PBXBuildFile; fileRef = AEF3D6522425A138005C77CE /* HelperRequestOverviewViewController.swift */; };
		AEF3D65D242604C6005C77CE /* DefaultCell.swift in Sources */ = {isa = PBXBuildFile; fileRef = AEF3D65C242604C6005C77CE /* DefaultCell.swift */; };
		AEF3D65F242604DE005C77CE /* DataSource.swift in Sources */ = {isa = PBXBuildFile; fileRef = AEF3D65E242604DE005C77CE /* DataSource.swift */; };
		AEF3D66124260500005C77CE /* DefaultDataSource.swift in Sources */ = {isa = PBXBuildFile; fileRef = AEF3D66024260500005C77CE /* DefaultDataSource.swift */; };
		AEF3D66324260574005C77CE /* DefaultCellItem.swift in Sources */ = {isa = PBXBuildFile; fileRef = AEF3D66224260574005C77CE /* DefaultCellItem.swift */; };
		AEF3D66524261131005C77CE /* SectionHeaderView.swift in Sources */ = {isa = PBXBuildFile; fileRef = AEF3D66424261131005C77CE /* SectionHeaderView.swift */; };
		AEF3D667242630C3005C77CE /* AppConfiguration.swift in Sources */ = {isa = PBXBuildFile; fileRef = AEF3D666242630C3005C77CE /* AppConfiguration.swift */; };
		AEF3D66924263149005C77CE /* RegistrationViewController.swift in Sources */ = {isa = PBXBuildFile; fileRef = AEF3D66824263149005C77CE /* RegistrationViewController.swift */; };
		AEF3D66C24263AA0005C77CE /* AuthenticationService.swift in Sources */ = {isa = PBXBuildFile; fileRef = AEF3D66B24263AA0005C77CE /* AuthenticationService.swift */; };
		AEF3D66F24266472005C77CE /* UIViewController+NearBuy.swift in Sources */ = {isa = PBXBuildFile; fileRef = AEF3D66E24266472005C77CE /* UIViewController+NearBuy.swift */; };
		AEF3D6712426785C005C77CE /* Storage.swift in Sources */ = {isa = PBXBuildFile; fileRef = AEF3D6702426785C005C77CE /* Storage.swift */; };
		AEF3D67324267E89005C77CE /* DefaultSectionedDataSource.swift in Sources */ = {isa = PBXBuildFile; fileRef = AEF3D67224267E89005C77CE /* DefaultSectionedDataSource.swift */; };
		AEF3D6752426912F005C77CE /* SeekerItemSelectionViewController.swift in Sources */ = {isa = PBXBuildFile; fileRef = AEF3D6742426912F005C77CE /* SeekerItemSelectionViewController.swift */; };
		AEF3D6772426AD56005C77CE /* ArticlesService.swift in Sources */ = {isa = PBXBuildFile; fileRef = AEF3D6762426AD56005C77CE /* ArticlesService.swift */; };
		AEF3D6792426B970005C77CE /* CheckableCell.swift in Sources */ = {isa = PBXBuildFile; fileRef = AEF3D6782426B970005C77CE /* CheckableCell.swift */; };
		AEF3D67B2426C89A005C77CE /* GradientView.swift in Sources */ = {isa = PBXBuildFile; fileRef = AEF3D67A2426C88B005C77CE /* GradientView.swift */; };
		CA0E1A257AAB928EADDCFFC4 /* Pods_NearBuy.framework in Frameworks */ = {isa = PBXBuildFile; fileRef = 4D0CBBAC6146B1985197F7FD /* Pods_NearBuy.framework */; };
/* End PBXBuildFile section */

/* Begin PBXContainerItemProxy section */
		AEF3D62F242584CC005C77CE /* PBXContainerItemProxy */ = {
			isa = PBXContainerItemProxy;
			containerPortal = AEF3D610242584C9005C77CE /* Project object */;
			proxyType = 1;
			remoteGlobalIDString = AEF3D617242584C9005C77CE;
			remoteInfo = NearBuy;
		};
/* End PBXContainerItemProxy section */

/* Begin PBXFileReference section */
		1F37CA94D89281584B425944 /* Pods-NearBuyTests.release.xcconfig */ = {isa = PBXFileReference; includeInIndex = 1; lastKnownFileType = text.xcconfig; name = "Pods-NearBuyTests.release.xcconfig"; path = "Target Support Files/Pods-NearBuyTests/Pods-NearBuyTests.release.xcconfig"; sourceTree = "<group>"; };
		20C9A67778931D25EE5344A1 /* Pods-NearBuy.debug.xcconfig */ = {isa = PBXFileReference; includeInIndex = 1; lastKnownFileType = text.xcconfig; name = "Pods-NearBuy.debug.xcconfig"; path = "Target Support Files/Pods-NearBuy/Pods-NearBuy.debug.xcconfig"; sourceTree = "<group>"; };
		216061E8FDA0591D2F4A9834 /* Pods-NearBuyTests.debug.xcconfig */ = {isa = PBXFileReference; includeInIndex = 1; lastKnownFileType = text.xcconfig; name = "Pods-NearBuyTests.debug.xcconfig"; path = "Target Support Files/Pods-NearBuyTests/Pods-NearBuyTests.debug.xcconfig"; sourceTree = "<group>"; };
		4D0CBBAC6146B1985197F7FD /* Pods_NearBuy.framework */ = {isa = PBXFileReference; explicitFileType = wrapper.framework; includeInIndex = 0; path = Pods_NearBuy.framework; sourceTree = BUILT_PRODUCTS_DIR; };
		9CE5FD2D0885B17443F3FE33 /* Pods-NearBuy.release.xcconfig */ = {isa = PBXFileReference; includeInIndex = 1; lastKnownFileType = text.xcconfig; name = "Pods-NearBuy.release.xcconfig"; path = "Target Support Files/Pods-NearBuy/Pods-NearBuy.release.xcconfig"; sourceTree = "<group>"; };
		AE26902124278BFC009A8892 /* UserService.swift */ = {isa = PBXFileReference; lastKnownFileType = sourcecode.swift; path = UserService.swift; sourceTree = "<group>"; };
		AE2690232427A61D009A8892 /* ShoppingListService.swift */ = {isa = PBXFileReference; lastKnownFileType = sourcecode.swift; path = ShoppingListService.swift; sourceTree = "<group>"; };
		AE2690252427B3BA009A8892 /* UILabel+NearBuy.swift */ = {isa = PBXFileReference; lastKnownFileType = sourcecode.swift; path = "UILabel+NearBuy.swift"; sourceTree = "<group>"; };
		AE2690272427BC46009A8892 /* ShoppingListViewController.swift */ = {isa = PBXFileReference; lastKnownFileType = sourcecode.swift; path = ShoppingListViewController.swift; sourceTree = "<group>"; };
		AE2690292427E984009A8892 /* CheckoutViewController.swift */ = {isa = PBXFileReference; lastKnownFileType = sourcecode.swift; path = CheckoutViewController.swift; sourceTree = "<group>"; };
		AE2A9A862426D1D5006066B4 /* UIButton+NearBuy.swift */ = {isa = PBXFileReference; lastKnownFileType = sourcecode.swift; path = "UIButton+NearBuy.swift"; sourceTree = "<group>"; };
		AE2A9A882426D992006066B4 /* UIColor+NearBuy.swift */ = {isa = PBXFileReference; lastKnownFileType = sourcecode.swift; path = "UIColor+NearBuy.swift"; sourceTree = "<group>"; };
		AE2A9A8A2426DF09006066B4 /* RequestService.swift */ = {isa = PBXFileReference; lastKnownFileType = sourcecode.swift; path = RequestService.swift; sourceTree = "<group>"; };
		AE2A9A922426FA50006066B4 /* en */ = {isa = PBXFileReference; lastKnownFileType = text.plist.strings; name = en; path = en.lproj/Localizable.strings; sourceTree = "<group>"; };
		AE2A9A942426FA67006066B4 /* de */ = {isa = PBXFileReference; lastKnownFileType = text.plist.strings; name = de; path = de.lproj/Localizable.strings; sourceTree = "<group>"; };
		AE2A9A9524275E14006066B4 /* UITextField+NearBuy.swift */ = {isa = PBXFileReference; lastKnownFileType = sourcecode.swift; path = "UITextField+NearBuy.swift"; sourceTree = "<group>"; };
		AE2A9A97242763CF006066B4 /* TextField.swift */ = {isa = PBXFileReference; lastKnownFileType = sourcecode.swift; path = TextField.swift; sourceTree = "<group>"; };
		AE2A9A9924278989006066B4 /* UserDetailsViewController.swift */ = {isa = PBXFileReference; lastKnownFileType = sourcecode.swift; path = UserDetailsViewController.swift; sourceTree = "<group>"; };
		AEF3D618242584C9005C77CE /* Nexd.app */ = {isa = PBXFileReference; explicitFileType = wrapper.application; includeInIndex = 0; path = Nexd.app; sourceTree = BUILT_PRODUCTS_DIR; };
		AEF3D61B242584C9005C77CE /* AppDelegate.swift */ = {isa = PBXFileReference; lastKnownFileType = sourcecode.swift; path = AppDelegate.swift; sourceTree = "<group>"; };
		AEF3D61D242584C9005C77CE /* SceneDelegate.swift */ = {isa = PBXFileReference; lastKnownFileType = sourcecode.swift; path = SceneDelegate.swift; sourceTree = "<group>"; };
		AEF3D624242584CC005C77CE /* Assets.xcassets */ = {isa = PBXFileReference; lastKnownFileType = folder.assetcatalog; path = Assets.xcassets; sourceTree = "<group>"; };
		AEF3D627242584CC005C77CE /* Base */ = {isa = PBXFileReference; lastKnownFileType = file.storyboard; name = Base; path = Base.lproj/LaunchScreen.storyboard; sourceTree = "<group>"; };
		AEF3D629242584CC005C77CE /* Info.plist */ = {isa = PBXFileReference; lastKnownFileType = text.plist.xml; path = Info.plist; sourceTree = "<group>"; };
		AEF3D62E242584CC005C77CE /* NearBuyTests.xctest */ = {isa = PBXFileReference; explicitFileType = wrapper.cfbundle; includeInIndex = 0; path = NearBuyTests.xctest; sourceTree = BUILT_PRODUCTS_DIR; };
		AEF3D632242584CC005C77CE /* NearBuyTests.swift */ = {isa = PBXFileReference; lastKnownFileType = sourcecode.swift; path = NearBuyTests.swift; sourceTree = "<group>"; };
		AEF3D634242584CC005C77CE /* Info.plist */ = {isa = PBXFileReference; lastKnownFileType = text.plist.xml; path = Info.plist; sourceTree = "<group>"; };
		AEF3D63E24258FDA005C77CE /* R.generated.swift */ = {isa = PBXFileReference; fileEncoding = 4; lastKnownFileType = sourcecode.swift; path = R.generated.swift; sourceTree = SOURCE_ROOT; };
		AEF3D64B24259ACE005C77CE /* LoginViewController.swift */ = {isa = PBXFileReference; fileEncoding = 4; lastKnownFileType = sourcecode.swift; path = LoginViewController.swift; sourceTree = "<group>"; };
		AEF3D65024259B2D005C77CE /* SelectRoleViewController.swift */ = {isa = PBXFileReference; lastKnownFileType = sourcecode.swift; path = SelectRoleViewController.swift; sourceTree = "<group>"; };
		AEF3D6522425A138005C77CE /* HelperRequestOverviewViewController.swift */ = {isa = PBXFileReference; lastKnownFileType = sourcecode.swift; path = HelperRequestOverviewViewController.swift; sourceTree = "<group>"; };
		AEF3D65C242604C6005C77CE /* DefaultCell.swift */ = {isa = PBXFileReference; fileEncoding = 4; lastKnownFileType = sourcecode.swift; path = DefaultCell.swift; sourceTree = "<group>"; };
		AEF3D65E242604DE005C77CE /* DataSource.swift */ = {isa = PBXFileReference; lastKnownFileType = sourcecode.swift; path = DataSource.swift; sourceTree = "<group>"; };
		AEF3D66024260500005C77CE /* DefaultDataSource.swift */ = {isa = PBXFileReference; lastKnownFileType = sourcecode.swift; path = DefaultDataSource.swift; sourceTree = "<group>"; };
		AEF3D66224260574005C77CE /* DefaultCellItem.swift */ = {isa = PBXFileReference; lastKnownFileType = sourcecode.swift; path = DefaultCellItem.swift; sourceTree = "<group>"; };
		AEF3D66424261131005C77CE /* SectionHeaderView.swift */ = {isa = PBXFileReference; lastKnownFileType = sourcecode.swift; path = SectionHeaderView.swift; sourceTree = "<group>"; };
		AEF3D666242630C3005C77CE /* AppConfiguration.swift */ = {isa = PBXFileReference; lastKnownFileType = sourcecode.swift; path = AppConfiguration.swift; sourceTree = "<group>"; };
		AEF3D66824263149005C77CE /* RegistrationViewController.swift */ = {isa = PBXFileReference; lastKnownFileType = sourcecode.swift; path = RegistrationViewController.swift; sourceTree = "<group>"; };
		AEF3D66B24263AA0005C77CE /* AuthenticationService.swift */ = {isa = PBXFileReference; lastKnownFileType = sourcecode.swift; path = AuthenticationService.swift; sourceTree = "<group>"; };
		AEF3D66E24266472005C77CE /* UIViewController+NearBuy.swift */ = {isa = PBXFileReference; lastKnownFileType = sourcecode.swift; path = "UIViewController+NearBuy.swift"; sourceTree = "<group>"; };
		AEF3D6702426785C005C77CE /* Storage.swift */ = {isa = PBXFileReference; lastKnownFileType = sourcecode.swift; path = Storage.swift; sourceTree = "<group>"; };
		AEF3D67224267E89005C77CE /* DefaultSectionedDataSource.swift */ = {isa = PBXFileReference; lastKnownFileType = sourcecode.swift; path = DefaultSectionedDataSource.swift; sourceTree = "<group>"; };
		AEF3D6742426912F005C77CE /* SeekerItemSelectionViewController.swift */ = {isa = PBXFileReference; lastKnownFileType = sourcecode.swift; path = SeekerItemSelectionViewController.swift; sourceTree = "<group>"; };
		AEF3D6762426AD56005C77CE /* ArticlesService.swift */ = {isa = PBXFileReference; lastKnownFileType = sourcecode.swift; path = ArticlesService.swift; sourceTree = "<group>"; };
		AEF3D6782426B970005C77CE /* CheckableCell.swift */ = {isa = PBXFileReference; lastKnownFileType = sourcecode.swift; path = CheckableCell.swift; sourceTree = "<group>"; };
		AEF3D67A2426C88B005C77CE /* GradientView.swift */ = {isa = PBXFileReference; lastKnownFileType = sourcecode.swift; path = GradientView.swift; sourceTree = "<group>"; };
		F4AF7DA9DD107FE95BA46206 /* Pods_NearBuyTests.framework */ = {isa = PBXFileReference; explicitFileType = wrapper.framework; includeInIndex = 0; path = Pods_NearBuyTests.framework; sourceTree = BUILT_PRODUCTS_DIR; };
/* End PBXFileReference section */

/* Begin PBXFrameworksBuildPhase section */
		AEF3D615242584C9005C77CE /* Frameworks */ = {
			isa = PBXFrameworksBuildPhase;
			buildActionMask = 2147483647;
			files = (
				CA0E1A257AAB928EADDCFFC4 /* Pods_NearBuy.framework in Frameworks */,
			);
			runOnlyForDeploymentPostprocessing = 0;
		};
		AEF3D62B242584CC005C77CE /* Frameworks */ = {
			isa = PBXFrameworksBuildPhase;
			buildActionMask = 2147483647;
			files = (
				4A2249BB540F14859C4A57A1 /* Pods_NearBuyTests.framework in Frameworks */,
			);
			runOnlyForDeploymentPostprocessing = 0;
		};
/* End PBXFrameworksBuildPhase section */

/* Begin PBXGroup section */
		0FB576275224D4124A7223A1 /* Frameworks */ = {
			isa = PBXGroup;
			children = (
				4D0CBBAC6146B1985197F7FD /* Pods_NearBuy.framework */,
				F4AF7DA9DD107FE95BA46206 /* Pods_NearBuyTests.framework */,
			);
			name = Frameworks;
			sourceTree = "<group>";
		};
		AEF3D60F242584C9005C77CE = {
			isa = PBXGroup;
			children = (
				AEF3D61A242584C9005C77CE /* NearBuy */,
				AEF3D631242584CC005C77CE /* NearBuyTests */,
				AEF3D619242584C9005C77CE /* Products */,
				B7FBC32D851855F768588401 /* Pods */,
				0FB576275224D4124A7223A1 /* Frameworks */,
			);
			sourceTree = "<group>";
		};
		AEF3D619242584C9005C77CE /* Products */ = {
			isa = PBXGroup;
			children = (
				AEF3D618242584C9005C77CE /* Nexd.app */,
				AEF3D62E242584CC005C77CE /* NearBuyTests.xctest */,
			);
			name = Products;
			sourceTree = "<group>";
		};
		AEF3D61A242584C9005C77CE /* NearBuy */ = {
			isa = PBXGroup;
			children = (
				AEF3D66D24266460005C77CE /* utilities */,
				AEF3D64A24259ACE005C77CE /* ui */,
				AEF3D66A24263A7F005C77CE /* services */,
				AEF3D61B242584C9005C77CE /* AppDelegate.swift */,
				AEF3D666242630C3005C77CE /* AppConfiguration.swift */,
				AEF3D61D242584C9005C77CE /* SceneDelegate.swift */,
				AEF3D63E24258FDA005C77CE /* R.generated.swift */,
				AEF3D64D24259AE5005C77CE /* Resources */,
				AEF3D624242584CC005C77CE /* Assets.xcassets */,
				AEF3D626242584CC005C77CE /* LaunchScreen.storyboard */,
				AEF3D629242584CC005C77CE /* Info.plist */,
			);
			path = NearBuy;
			sourceTree = "<group>";
		};
		AEF3D631242584CC005C77CE /* NearBuyTests */ = {
			isa = PBXGroup;
			children = (
				AEF3D632242584CC005C77CE /* NearBuyTests.swift */,
				AEF3D634242584CC005C77CE /* Info.plist */,
			);
			path = NearBuyTests;
			sourceTree = "<group>";
		};
		AEF3D64A24259ACE005C77CE /* ui */ = {
			isa = PBXGroup;
			children = (
				AEF3D65B242604C6005C77CE /* components */,
				AEF3D67C2426CC2D005C77CE /* onboarding */,
				AEF3D65024259B2D005C77CE /* SelectRoleViewController.swift */,
				AEF3D6742426912F005C77CE /* SeekerItemSelectionViewController.swift */,
				AEF3D6522425A138005C77CE /* HelperRequestOverviewViewController.swift */,
				AE2690272427BC46009A8892 /* ShoppingListViewController.swift */,
				AE2690292427E984009A8892 /* CheckoutViewController.swift */,
			);
			path = ui;
			sourceTree = "<group>";
		};
		AEF3D64D24259AE5005C77CE /* Resources */ = {
			isa = PBXGroup;
			children = (
				AE2A9A932426FA50006066B4 /* Localizable.strings */,
			);
			path = Resources;
			sourceTree = "<group>";
		};
		AEF3D65B242604C6005C77CE /* components */ = {
			isa = PBXGroup;
			children = (
				AEF3D65C242604C6005C77CE /* DefaultCell.swift */,
				AEF3D6782426B970005C77CE /* CheckableCell.swift */,
				AEF3D65E242604DE005C77CE /* DataSource.swift */,
				AEF3D66024260500005C77CE /* DefaultDataSource.swift */,
				AEF3D66224260574005C77CE /* DefaultCellItem.swift */,
				AEF3D66424261131005C77CE /* SectionHeaderView.swift */,
				AEF3D67224267E89005C77CE /* DefaultSectionedDataSource.swift */,
				AEF3D67A2426C88B005C77CE /* GradientView.swift */,
				AE2A9A97242763CF006066B4 /* TextField.swift */,
			);
			path = components;
			sourceTree = "<group>";
		};
		AEF3D66A24263A7F005C77CE /* services */ = {
			isa = PBXGroup;
			children = (
				AEF3D66B24263AA0005C77CE /* AuthenticationService.swift */,
				AEF3D6762426AD56005C77CE /* ArticlesService.swift */,
				AE2A9A8A2426DF09006066B4 /* RequestService.swift */,
				AE26902124278BFC009A8892 /* UserService.swift */,
				AE2690232427A61D009A8892 /* ShoppingListService.swift */,
			);
			path = services;
			sourceTree = "<group>";
		};
		AEF3D66D24266460005C77CE /* utilities */ = {
			isa = PBXGroup;
			children = (
				AEF3D66E24266472005C77CE /* UIViewController+NearBuy.swift */,
				AEF3D6702426785C005C77CE /* Storage.swift */,
				AE2A9A862426D1D5006066B4 /* UIButton+NearBuy.swift */,
				AE2A9A882426D992006066B4 /* UIColor+NearBuy.swift */,
				AE2A9A9524275E14006066B4 /* UITextField+NearBuy.swift */,
				AE2690252427B3BA009A8892 /* UILabel+NearBuy.swift */,
			);
			path = utilities;
			sourceTree = "<group>";
		};
		AEF3D67C2426CC2D005C77CE /* onboarding */ = {
			isa = PBXGroup;
			children = (
				AEF3D64B24259ACE005C77CE /* LoginViewController.swift */,
				AEF3D66824263149005C77CE /* RegistrationViewController.swift */,
				AE2A9A9924278989006066B4 /* UserDetailsViewController.swift */,
			);
			path = onboarding;
			sourceTree = "<group>";
		};
		B7FBC32D851855F768588401 /* Pods */ = {
			isa = PBXGroup;
			children = (
				20C9A67778931D25EE5344A1 /* Pods-NearBuy.debug.xcconfig */,
				9CE5FD2D0885B17443F3FE33 /* Pods-NearBuy.release.xcconfig */,
				216061E8FDA0591D2F4A9834 /* Pods-NearBuyTests.debug.xcconfig */,
				1F37CA94D89281584B425944 /* Pods-NearBuyTests.release.xcconfig */,
			);
			path = Pods;
			sourceTree = "<group>";
		};
/* End PBXGroup section */

/* Begin PBXNativeTarget section */
		AEF3D617242584C9005C77CE /* NearBuy */ = {
			isa = PBXNativeTarget;
			buildConfigurationList = AEF3D637242584CC005C77CE /* Build configuration list for PBXNativeTarget "NearBuy" */;
			buildPhases = (
				93EAC044F0C62EA87643DD87 /* [CP] Check Pods Manifest.lock */,
				AEF3D63D24258F61005C77CE /* ShellScript */,
				AEF3D614242584C9005C77CE /* Sources */,
				AEF3D615242584C9005C77CE /* Frameworks */,
				AEF3D616242584C9005C77CE /* Resources */,
				DA223312793D78A63568EA1C /* [CP] Embed Pods Frameworks */,
			);
			buildRules = (
			);
			dependencies = (
			);
			name = NearBuy;
			productName = NearBuy;
			productReference = AEF3D618242584C9005C77CE /* Nexd.app */;
			productType = "com.apple.product-type.application";
		};
		AEF3D62D242584CC005C77CE /* NearBuyTests */ = {
			isa = PBXNativeTarget;
			buildConfigurationList = AEF3D63A242584CC005C77CE /* Build configuration list for PBXNativeTarget "NearBuyTests" */;
			buildPhases = (
				79F67BF17B5DAE36C8295905 /* [CP] Check Pods Manifest.lock */,
				AEF3D62A242584CC005C77CE /* Sources */,
				AEF3D62B242584CC005C77CE /* Frameworks */,
				AEF3D62C242584CC005C77CE /* Resources */,
			);
			buildRules = (
			);
			dependencies = (
				AEF3D630242584CC005C77CE /* PBXTargetDependency */,
			);
			name = NearBuyTests;
			productName = NearBuyTests;
			productReference = AEF3D62E242584CC005C77CE /* NearBuyTests.xctest */;
			productType = "com.apple.product-type.bundle.unit-test";
		};
/* End PBXNativeTarget section */

/* Begin PBXProject section */
		AEF3D610242584C9005C77CE /* Project object */ = {
			isa = PBXProject;
			attributes = {
				LastSwiftUpdateCheck = 1130;
				LastUpgradeCheck = 1130;
				ORGANIZATIONNAME = "Tobias Schröpf";
				TargetAttributes = {
					AEF3D617242584C9005C77CE = {
						CreatedOnToolsVersion = 11.3.1;
					};
					AEF3D62D242584CC005C77CE = {
						CreatedOnToolsVersion = 11.3.1;
						TestTargetID = AEF3D617242584C9005C77CE;
					};
				};
			};
			buildConfigurationList = AEF3D613242584C9005C77CE /* Build configuration list for PBXProject "NearBuy" */;
			compatibilityVersion = "Xcode 9.3";
			developmentRegion = en;
			hasScannedForEncodings = 0;
			knownRegions = (
				en,
				Base,
				de,
			);
			mainGroup = AEF3D60F242584C9005C77CE;
			productRefGroup = AEF3D619242584C9005C77CE /* Products */;
			projectDirPath = "";
			projectRoot = "";
			targets = (
				AEF3D617242584C9005C77CE /* NearBuy */,
				AEF3D62D242584CC005C77CE /* NearBuyTests */,
			);
		};
/* End PBXProject section */

/* Begin PBXResourcesBuildPhase section */
		AEF3D616242584C9005C77CE /* Resources */ = {
			isa = PBXResourcesBuildPhase;
			buildActionMask = 2147483647;
			files = (
				AEF3D628242584CC005C77CE /* LaunchScreen.storyboard in Resources */,
				AE2A9A912426FA50006066B4 /* Localizable.strings in Resources */,
				AEF3D625242584CC005C77CE /* Assets.xcassets in Resources */,
			);
			runOnlyForDeploymentPostprocessing = 0;
		};
		AEF3D62C242584CC005C77CE /* Resources */ = {
			isa = PBXResourcesBuildPhase;
			buildActionMask = 2147483647;
			files = (
			);
			runOnlyForDeploymentPostprocessing = 0;
		};
/* End PBXResourcesBuildPhase section */

/* Begin PBXShellScriptBuildPhase section */
		79F67BF17B5DAE36C8295905 /* [CP] Check Pods Manifest.lock */ = {
			isa = PBXShellScriptBuildPhase;
			buildActionMask = 2147483647;
			files = (
			);
			inputFileListPaths = (
			);
			inputPaths = (
				"${PODS_PODFILE_DIR_PATH}/Podfile.lock",
				"${PODS_ROOT}/Manifest.lock",
			);
			name = "[CP] Check Pods Manifest.lock";
			outputFileListPaths = (
			);
			outputPaths = (
				"$(DERIVED_FILE_DIR)/Pods-NearBuyTests-checkManifestLockResult.txt",
			);
			runOnlyForDeploymentPostprocessing = 0;
			shellPath = /bin/sh;
			shellScript = "diff \"${PODS_PODFILE_DIR_PATH}/Podfile.lock\" \"${PODS_ROOT}/Manifest.lock\" > /dev/null\nif [ $? != 0 ] ; then\n    # print error to STDERR\n    echo \"error: The sandbox is not in sync with the Podfile.lock. Run 'pod install' or update your CocoaPods installation.\" >&2\n    exit 1\nfi\n# This output is used by Xcode 'outputs' to avoid re-running this script phase.\necho \"SUCCESS\" > \"${SCRIPT_OUTPUT_FILE_0}\"\n";
			showEnvVarsInLog = 0;
		};
		93EAC044F0C62EA87643DD87 /* [CP] Check Pods Manifest.lock */ = {
			isa = PBXShellScriptBuildPhase;
			buildActionMask = 2147483647;
			files = (
			);
			inputFileListPaths = (
			);
			inputPaths = (
				"${PODS_PODFILE_DIR_PATH}/Podfile.lock",
				"${PODS_ROOT}/Manifest.lock",
			);
			name = "[CP] Check Pods Manifest.lock";
			outputFileListPaths = (
			);
			outputPaths = (
				"$(DERIVED_FILE_DIR)/Pods-NearBuy-checkManifestLockResult.txt",
			);
			runOnlyForDeploymentPostprocessing = 0;
			shellPath = /bin/sh;
			shellScript = "diff \"${PODS_PODFILE_DIR_PATH}/Podfile.lock\" \"${PODS_ROOT}/Manifest.lock\" > /dev/null\nif [ $? != 0 ] ; then\n    # print error to STDERR\n    echo \"error: The sandbox is not in sync with the Podfile.lock. Run 'pod install' or update your CocoaPods installation.\" >&2\n    exit 1\nfi\n# This output is used by Xcode 'outputs' to avoid re-running this script phase.\necho \"SUCCESS\" > \"${SCRIPT_OUTPUT_FILE_0}\"\n";
			showEnvVarsInLog = 0;
		};
		AEF3D63D24258F61005C77CE /* ShellScript */ = {
			isa = PBXShellScriptBuildPhase;
			buildActionMask = 2147483647;
			files = (
			);
			inputFileListPaths = (
			);
			inputPaths = (
				"$TEMP_DIR/rswift-lastrun",
			);
			outputFileListPaths = (
			);
			outputPaths = (
				$SRCROOT/R.generated.swift,
			);
			runOnlyForDeploymentPostprocessing = 0;
			shellPath = /bin/sh;
			shellScript = "\"$PODS_ROOT/R.swift/rswift\" generate \"$SRCROOT/R.generated.swift\"\n";
		};
		DA223312793D78A63568EA1C /* [CP] Embed Pods Frameworks */ = {
			isa = PBXShellScriptBuildPhase;
			buildActionMask = 2147483647;
			files = (
			);
			inputFileListPaths = (
				"${PODS_ROOT}/Target Support Files/Pods-NearBuy/Pods-NearBuy-frameworks-${CONFIGURATION}-input-files.xcfilelist",
			);
			name = "[CP] Embed Pods Frameworks";
			outputFileListPaths = (
				"${PODS_ROOT}/Target Support Files/Pods-NearBuy/Pods-NearBuy-frameworks-${CONFIGURATION}-output-files.xcfilelist",
			);
			runOnlyForDeploymentPostprocessing = 0;
			shellPath = /bin/sh;
			shellScript = "\"${PODS_ROOT}/Target Support Files/Pods-NearBuy/Pods-NearBuy-frameworks.sh\"\n";
			showEnvVarsInLog = 0;
		};
/* End PBXShellScriptBuildPhase section */

/* Begin PBXSourcesBuildPhase section */
		AEF3D614242584C9005C77CE /* Sources */ = {
			isa = PBXSourcesBuildPhase;
			buildActionMask = 2147483647;
			files = (
				AEF3D66324260574005C77CE /* DefaultCellItem.swift in Sources */,
				AEF3D66124260500005C77CE /* DefaultDataSource.swift in Sources */,
				AEF3D67B2426C89A005C77CE /* GradientView.swift in Sources */,
				AE2690262427B3BA009A8892 /* UILabel+NearBuy.swift in Sources */,
				AEF3D64C24259ACE005C77CE /* LoginViewController.swift in Sources */,
				AE2690282427BC46009A8892 /* ShoppingListViewController.swift in Sources */,
				AEF3D667242630C3005C77CE /* AppConfiguration.swift in Sources */,
				AEF3D6752426912F005C77CE /* SeekerItemSelectionViewController.swift in Sources */,
				AE2A9A892426D992006066B4 /* UIColor+NearBuy.swift in Sources */,
				AEF3D66924263149005C77CE /* RegistrationViewController.swift in Sources */,
				AEF3D65D242604C6005C77CE /* DefaultCell.swift in Sources */,
				AE2A9A9A24278989006066B4 /* UserDetailsViewController.swift in Sources */,
				AE26902A2427E985009A8892 /* CheckoutViewController.swift in Sources */,
				AEF3D61C242584C9005C77CE /* AppDelegate.swift in Sources */,
				AEF3D66F24266472005C77CE /* UIViewController+NearBuy.swift in Sources */,
				AE2690242427A61D009A8892 /* ShoppingListService.swift in Sources */,
				AEF3D6792426B970005C77CE /* CheckableCell.swift in Sources */,
				AEF3D65F242604DE005C77CE /* DataSource.swift in Sources */,
				AE2A9A8B2426DF09006066B4 /* RequestService.swift in Sources */,
				AEF3D61E242584C9005C77CE /* SceneDelegate.swift in Sources */,
				AE26902224278BFC009A8892 /* UserService.swift in Sources */,
				AE2A9A98242763CF006066B4 /* TextField.swift in Sources */,
				AEF3D67324267E89005C77CE /* DefaultSectionedDataSource.swift in Sources */,
				AEF3D66524261131005C77CE /* SectionHeaderView.swift in Sources */,
				AEF3D66C24263AA0005C77CE /* AuthenticationService.swift in Sources */,
				AEF3D6532425A138005C77CE /* HelperRequestOverviewViewController.swift in Sources */,
				AEF3D65124259B2D005C77CE /* SelectRoleViewController.swift in Sources */,
				AE2A9A9624275E14006066B4 /* UITextField+NearBuy.swift in Sources */,
				AEF3D6772426AD56005C77CE /* ArticlesService.swift in Sources */,
				AEF3D63F24258FDA005C77CE /* R.generated.swift in Sources */,
				AEF3D6712426785C005C77CE /* Storage.swift in Sources */,
				AE2A9A872426D1D5006066B4 /* UIButton+NearBuy.swift in Sources */,
			);
			runOnlyForDeploymentPostprocessing = 0;
		};
		AEF3D62A242584CC005C77CE /* Sources */ = {
			isa = PBXSourcesBuildPhase;
			buildActionMask = 2147483647;
			files = (
				AEF3D633242584CC005C77CE /* NearBuyTests.swift in Sources */,
			);
			runOnlyForDeploymentPostprocessing = 0;
		};
/* End PBXSourcesBuildPhase section */

/* Begin PBXTargetDependency section */
		AEF3D630242584CC005C77CE /* PBXTargetDependency */ = {
			isa = PBXTargetDependency;
			target = AEF3D617242584C9005C77CE /* NearBuy */;
			targetProxy = AEF3D62F242584CC005C77CE /* PBXContainerItemProxy */;
		};
/* End PBXTargetDependency section */

/* Begin PBXVariantGroup section */
		AE2A9A932426FA50006066B4 /* Localizable.strings */ = {
			isa = PBXVariantGroup;
			children = (
				AE2A9A922426FA50006066B4 /* en */,
				AE2A9A942426FA67006066B4 /* de */,
			);
			name = Localizable.strings;
			sourceTree = "<group>";
		};
		AEF3D626242584CC005C77CE /* LaunchScreen.storyboard */ = {
			isa = PBXVariantGroup;
			children = (
				AEF3D627242584CC005C77CE /* Base */,
			);
			name = LaunchScreen.storyboard;
			sourceTree = "<group>";
		};
/* End PBXVariantGroup section */

/* Begin XCBuildConfiguration section */
		AEF3D635242584CC005C77CE /* Debug */ = {
			isa = XCBuildConfiguration;
			buildSettings = {
				ALWAYS_SEARCH_USER_PATHS = NO;
				CLANG_ANALYZER_LOCALIZABILITY_NONLOCALIZED = YES;
				CLANG_ANALYZER_NONNULL = YES;
				CLANG_ANALYZER_NUMBER_OBJECT_CONVERSION = YES_AGGRESSIVE;
				CLANG_CXX_LANGUAGE_STANDARD = "gnu++14";
				CLANG_CXX_LIBRARY = "libc++";
				CLANG_ENABLE_MODULES = YES;
				CLANG_ENABLE_OBJC_ARC = YES;
				CLANG_ENABLE_OBJC_WEAK = YES;
				CLANG_WARN_BLOCK_CAPTURE_AUTORELEASING = YES;
				CLANG_WARN_BOOL_CONVERSION = YES;
				CLANG_WARN_COMMA = YES;
				CLANG_WARN_CONSTANT_CONVERSION = YES;
				CLANG_WARN_DEPRECATED_OBJC_IMPLEMENTATIONS = YES;
				CLANG_WARN_DIRECT_OBJC_ISA_USAGE = YES_ERROR;
				CLANG_WARN_DOCUMENTATION_COMMENTS = YES;
				CLANG_WARN_EMPTY_BODY = YES;
				CLANG_WARN_ENUM_CONVERSION = YES;
				CLANG_WARN_INFINITE_RECURSION = YES;
				CLANG_WARN_INT_CONVERSION = YES;
				CLANG_WARN_NON_LITERAL_NULL_CONVERSION = YES;
				CLANG_WARN_OBJC_IMPLICIT_RETAIN_SELF = YES;
				CLANG_WARN_OBJC_LITERAL_CONVERSION = YES;
				CLANG_WARN_OBJC_ROOT_CLASS = YES_ERROR;
				CLANG_WARN_RANGE_LOOP_ANALYSIS = YES;
				CLANG_WARN_STRICT_PROTOTYPES = YES;
				CLANG_WARN_SUSPICIOUS_MOVE = YES;
				CLANG_WARN_UNGUARDED_AVAILABILITY = YES_AGGRESSIVE;
				CLANG_WARN_UNREACHABLE_CODE = YES;
				CLANG_WARN__DUPLICATE_METHOD_MATCH = YES;
				COPY_PHASE_STRIP = NO;
				DEBUG_INFORMATION_FORMAT = dwarf;
				ENABLE_STRICT_OBJC_MSGSEND = YES;
				ENABLE_TESTABILITY = YES;
				GCC_C_LANGUAGE_STANDARD = gnu11;
				GCC_DYNAMIC_NO_PIC = NO;
				GCC_NO_COMMON_BLOCKS = YES;
				GCC_OPTIMIZATION_LEVEL = 0;
				GCC_PREPROCESSOR_DEFINITIONS = (
					"DEBUG=1",
					"$(inherited)",
				);
				GCC_WARN_64_TO_32_BIT_CONVERSION = YES;
				GCC_WARN_ABOUT_RETURN_TYPE = YES_ERROR;
				GCC_WARN_UNDECLARED_SELECTOR = YES;
				GCC_WARN_UNINITIALIZED_AUTOS = YES_AGGRESSIVE;
				GCC_WARN_UNUSED_FUNCTION = YES;
				GCC_WARN_UNUSED_VARIABLE = YES;
				IPHONEOS_DEPLOYMENT_TARGET = 13.2;
				MTL_ENABLE_DEBUG_INFO = INCLUDE_SOURCE;
				MTL_FAST_MATH = YES;
				ONLY_ACTIVE_ARCH = YES;
				SDKROOT = iphoneos;
				SWIFT_ACTIVE_COMPILATION_CONDITIONS = DEBUG;
				SWIFT_OPTIMIZATION_LEVEL = "-Onone";
			};
			name = Debug;
		};
		AEF3D636242584CC005C77CE /* Release */ = {
			isa = XCBuildConfiguration;
			buildSettings = {
				ALWAYS_SEARCH_USER_PATHS = NO;
				CLANG_ANALYZER_LOCALIZABILITY_NONLOCALIZED = YES;
				CLANG_ANALYZER_NONNULL = YES;
				CLANG_ANALYZER_NUMBER_OBJECT_CONVERSION = YES_AGGRESSIVE;
				CLANG_CXX_LANGUAGE_STANDARD = "gnu++14";
				CLANG_CXX_LIBRARY = "libc++";
				CLANG_ENABLE_MODULES = YES;
				CLANG_ENABLE_OBJC_ARC = YES;
				CLANG_ENABLE_OBJC_WEAK = YES;
				CLANG_WARN_BLOCK_CAPTURE_AUTORELEASING = YES;
				CLANG_WARN_BOOL_CONVERSION = YES;
				CLANG_WARN_COMMA = YES;
				CLANG_WARN_CONSTANT_CONVERSION = YES;
				CLANG_WARN_DEPRECATED_OBJC_IMPLEMENTATIONS = YES;
				CLANG_WARN_DIRECT_OBJC_ISA_USAGE = YES_ERROR;
				CLANG_WARN_DOCUMENTATION_COMMENTS = YES;
				CLANG_WARN_EMPTY_BODY = YES;
				CLANG_WARN_ENUM_CONVERSION = YES;
				CLANG_WARN_INFINITE_RECURSION = YES;
				CLANG_WARN_INT_CONVERSION = YES;
				CLANG_WARN_NON_LITERAL_NULL_CONVERSION = YES;
				CLANG_WARN_OBJC_IMPLICIT_RETAIN_SELF = YES;
				CLANG_WARN_OBJC_LITERAL_CONVERSION = YES;
				CLANG_WARN_OBJC_ROOT_CLASS = YES_ERROR;
				CLANG_WARN_RANGE_LOOP_ANALYSIS = YES;
				CLANG_WARN_STRICT_PROTOTYPES = YES;
				CLANG_WARN_SUSPICIOUS_MOVE = YES;
				CLANG_WARN_UNGUARDED_AVAILABILITY = YES_AGGRESSIVE;
				CLANG_WARN_UNREACHABLE_CODE = YES;
				CLANG_WARN__DUPLICATE_METHOD_MATCH = YES;
				COPY_PHASE_STRIP = NO;
				DEBUG_INFORMATION_FORMAT = "dwarf-with-dsym";
				ENABLE_NS_ASSERTIONS = NO;
				ENABLE_STRICT_OBJC_MSGSEND = YES;
				GCC_C_LANGUAGE_STANDARD = gnu11;
				GCC_NO_COMMON_BLOCKS = YES;
				GCC_WARN_64_TO_32_BIT_CONVERSION = YES;
				GCC_WARN_ABOUT_RETURN_TYPE = YES_ERROR;
				GCC_WARN_UNDECLARED_SELECTOR = YES;
				GCC_WARN_UNINITIALIZED_AUTOS = YES_AGGRESSIVE;
				GCC_WARN_UNUSED_FUNCTION = YES;
				GCC_WARN_UNUSED_VARIABLE = YES;
				IPHONEOS_DEPLOYMENT_TARGET = 13.2;
				MTL_ENABLE_DEBUG_INFO = NO;
				MTL_FAST_MATH = YES;
				SDKROOT = iphoneos;
				SWIFT_COMPILATION_MODE = wholemodule;
				SWIFT_OPTIMIZATION_LEVEL = "-O";
				VALIDATE_PRODUCT = YES;
			};
			name = Release;
		};
		AEF3D638242584CC005C77CE /* Debug */ = {
			isa = XCBuildConfiguration;
			baseConfigurationReference = 20C9A67778931D25EE5344A1 /* Pods-NearBuy.debug.xcconfig */;
			buildSettings = {
				ASSETCATALOG_COMPILER_APPICON_NAME = AppIcon;
				CODE_SIGN_STYLE = Automatic;
				DEVELOPMENT_TEAM = Z69PDUT2Z9;
				INFOPLIST_FILE = NearBuy/Info.plist;
				LD_RUNPATH_SEARCH_PATHS = (
					"$(inherited)",
					"@executable_path/Frameworks",
				);
				PRODUCT_BUNDLE_IDENTIFIER = org.wirvsvirushackathon.nexdapp;
				PRODUCT_NAME = Nexd;
				SWIFT_VERSION = 5.0;
				TARGETED_DEVICE_FAMILY = "1,2";
			};
			name = Debug;
		};
		AEF3D639242584CC005C77CE /* Release */ = {
			isa = XCBuildConfiguration;
			baseConfigurationReference = 9CE5FD2D0885B17443F3FE33 /* Pods-NearBuy.release.xcconfig */;
			buildSettings = {
				ASSETCATALOG_COMPILER_APPICON_NAME = AppIcon;
				CODE_SIGN_STYLE = Automatic;
				DEVELOPMENT_TEAM = Z69PDUT2Z9;
				INFOPLIST_FILE = NearBuy/Info.plist;
				LD_RUNPATH_SEARCH_PATHS = (
					"$(inherited)",
					"@executable_path/Frameworks",
				);
				PRODUCT_BUNDLE_IDENTIFIER = org.wirvsvirushackathon.nexdapp;
				PRODUCT_NAME = Nexd;
				SWIFT_VERSION = 5.0;
				TARGETED_DEVICE_FAMILY = "1,2";
			};
			name = Release;
		};
		AEF3D63B242584CC005C77CE /* Debug */ = {
			isa = XCBuildConfiguration;
			baseConfigurationReference = 216061E8FDA0591D2F4A9834 /* Pods-NearBuyTests.debug.xcconfig */;
			buildSettings = {
				ALWAYS_EMBED_SWIFT_STANDARD_LIBRARIES = YES;
				BUNDLE_LOADER = "$(TEST_HOST)";
				CODE_SIGN_STYLE = Automatic;
				DEVELOPMENT_TEAM = Z69PDUT2Z9;
				INFOPLIST_FILE = NearBuyTests/Info.plist;
				IPHONEOS_DEPLOYMENT_TARGET = 13.2;
				LD_RUNPATH_SEARCH_PATHS = (
					"$(inherited)",
					"@executable_path/Frameworks",
					"@loader_path/Frameworks",
				);
				PRODUCT_BUNDLE_IDENTIFIER = org.wirvsvirushackathon.NearBuyTests;
				PRODUCT_NAME = "$(TARGET_NAME)";
				SWIFT_VERSION = 5.0;
				TARGETED_DEVICE_FAMILY = "1,2";
				TEST_HOST = "$(BUILT_PRODUCTS_DIR)/NearBuy.app/NearBuy";
			};
			name = Debug;
		};
		AEF3D63C242584CC005C77CE /* Release */ = {
			isa = XCBuildConfiguration;
			baseConfigurationReference = 1F37CA94D89281584B425944 /* Pods-NearBuyTests.release.xcconfig */;
			buildSettings = {
				ALWAYS_EMBED_SWIFT_STANDARD_LIBRARIES = YES;
				BUNDLE_LOADER = "$(TEST_HOST)";
				CODE_SIGN_STYLE = Automatic;
				DEVELOPMENT_TEAM = Z69PDUT2Z9;
				INFOPLIST_FILE = NearBuyTests/Info.plist;
				IPHONEOS_DEPLOYMENT_TARGET = 13.2;
				LD_RUNPATH_SEARCH_PATHS = (
					"$(inherited)",
					"@executable_path/Frameworks",
					"@loader_path/Frameworks",
				);
				PRODUCT_BUNDLE_IDENTIFIER = org.wirvsvirushackathon.NearBuyTests;
				PRODUCT_NAME = "$(TARGET_NAME)";
				SWIFT_VERSION = 5.0;
				TARGETED_DEVICE_FAMILY = "1,2";
				TEST_HOST = "$(BUILT_PRODUCTS_DIR)/NearBuy.app/NearBuy";
			};
			name = Release;
		};
/* End XCBuildConfiguration section */

/* Begin XCConfigurationList section */
		AEF3D613242584C9005C77CE /* Build configuration list for PBXProject "NearBuy" */ = {
			isa = XCConfigurationList;
			buildConfigurations = (
				AEF3D635242584CC005C77CE /* Debug */,
				AEF3D636242584CC005C77CE /* Release */,
			);
			defaultConfigurationIsVisible = 0;
			defaultConfigurationName = Release;
		};
		AEF3D637242584CC005C77CE /* Build configuration list for PBXNativeTarget "NearBuy" */ = {
			isa = XCConfigurationList;
			buildConfigurations = (
				AEF3D638242584CC005C77CE /* Debug */,
				AEF3D639242584CC005C77CE /* Release */,
			);
			defaultConfigurationIsVisible = 0;
			defaultConfigurationName = Release;
		};
		AEF3D63A242584CC005C77CE /* Build configuration list for PBXNativeTarget "NearBuyTests" */ = {
			isa = XCConfigurationList;
			buildConfigurations = (
				AEF3D63B242584CC005C77CE /* Debug */,
				AEF3D63C242584CC005C77CE /* Release */,
			);
			defaultConfigurationIsVisible = 0;
			defaultConfigurationName = Release;
		};
/* End XCConfigurationList section */
	};
	rootObject = AEF3D610242584C9005C77CE /* Project object */;
}
